# THIS IS AN AUTOGENERATED FILE. DO NOT EDIT THIS FILE DIRECTLY.
# yarn lockfile v1


"@formatjs/ecma402-abstract@1.11.4":
  version "1.11.4"
  resolved "https://artifacts.aue1e.internal:443/artifactory/api/npm/npm-okta-master/@formatjs/ecma402-abstract/-/ecma402-abstract-1.11.4.tgz#b962dfc4ae84361f9f08fbce411b4e4340930eda"
  integrity sha1-uWLfxK6ENh+fCPvOQRtOQ0CTDto=
  dependencies:
    "@formatjs/intl-localematcher" "0.2.25"
    tslib "^2.1.0"

"@formatjs/fast-memoize@1.2.1":
  version "1.2.1"
  resolved "https://artifacts.aue1e.internal:443/artifactory/api/npm/npm-okta-master/@formatjs/fast-memoize/-/fast-memoize-1.2.1.tgz#e6f5aee2e4fd0ca5edba6eba7668e2d855e0fc21"
  integrity sha1-5vWu4uT9DKXtum66dmji2FXg/CE=
  dependencies:
    tslib "^2.1.0"

"@formatjs/icu-messageformat-parser@2.1.0":
  version "2.1.0"
  resolved "https://artifacts.aue1e.internal:443/artifactory/api/npm/npm-okta-master/@formatjs/icu-messageformat-parser/-/icu-messageformat-parser-2.1.0.tgz#a54293dd7f098d6a6f6a084ab08b6d54a3e8c12d"
  integrity sha1-pUKT3X8JjWpvaghKsIttVKPowS0=
  dependencies:
    "@formatjs/ecma402-abstract" "1.11.4"
    "@formatjs/icu-skeleton-parser" "1.3.6"
    tslib "^2.1.0"

"@formatjs/icu-skeleton-parser@1.3.6":
  version "1.3.6"
  resolved "https://artifacts.aue1e.internal:443/artifactory/api/npm/npm-okta-master/@formatjs/icu-skeleton-parser/-/icu-skeleton-parser-1.3.6.tgz#4ce8c0737d6f07b735288177049e97acbf2e8964"
  integrity sha1-TOjAc31vB7c1KIF3BJ6XrL8uiWQ=
  dependencies:
    "@formatjs/ecma402-abstract" "1.11.4"
    tslib "^2.1.0"

"@formatjs/intl-localematcher@0.2.25":
  version "0.2.25"
  resolved "https://artifacts.aue1e.internal:443/artifactory/api/npm/npm-okta-master/@formatjs/intl-localematcher/-/intl-localematcher-0.2.25.tgz#60892fe1b271ec35ba07a2eb018a2dd7bca6ea3a"
  integrity sha1-YIkv4bJx7DW6B6LrAYot17ym6jo=
  dependencies:
    tslib "^2.1.0"

"@okta/tools.i18n.pseudo-loc@0.1.0-34-g8b1e866":
  version "0.1.0-34-g8b1e866"
  resolved "https://artifacts.aue1e.internal:443/artifactory/api/npm/npm-okta-all/@okta/tools.i18n.pseudo-loc/-/@okta/tools.i18n.pseudo-loc-0.1.0-34-g8b1e866.tgz#ef67892ee05e14be8cedadccba9c64bd0f0916af"
  integrity sha512-DRH1MjQ+Qa9tXc6TQkzsZ11gxI5b8vbLKrjyPsXXoRk/BIFALmGljucc/fNUoT8CzFcXjsAAHsuDqVtP2UawKA==
  dependencies:
    fs-extra "^3.0.1"
    htmlparser2 "8.0.1"
    intl-messageformat "^9.7.1"
    intl-messageformat-parser "^1.3.0"
    node-native2ascii "^0.2.0"
    properties "^1.2.1"
    yargs "^17.1.0"

ansi-regex@^5.0.1:
  version "5.0.1"
  resolved "https://artifacts.aue1e.internal:443/artifactory/api/npm/npm-okta-master/ansi-regex/-/ansi-regex-5.0.1.tgz#082cb2c89c9fe8659a311a53bd6a4dc5301db304"
  integrity sha1-CCyyyJyf6GWaMRpTvWpNxTAdswQ=

ansi-styles@^4.0.0:
  version "4.3.0"
  resolved "https://artifacts.aue1e.internal:443/artifactory/api/npm/npm-okta-master/ansi-styles/-/ansi-styles-4.3.0.tgz#edd803628ae71c04c85ae7a0906edad34b648937"
  integrity sha1-7dgDYornHATIWuegkG7a00tkiTc=
  dependencies:
    color-convert "^2.0.1"

cliui@^8.0.1:
  version "8.0.1"
  resolved "https://artifacts.aue1e.internal:443/artifactory/api/npm/npm-okta-master/cliui/-/cliui-8.0.1.tgz#0c04b075db02cbfe60dc8e6cf2f5486b1a3608aa"
  integrity sha1-DASwddsCy/5g3I5s8vVIaxo2CKo=
  dependencies:
    string-width "^4.2.0"
    strip-ansi "^6.0.1"
    wrap-ansi "^7.0.0"

color-convert@^2.0.1:
  version "2.0.1"
  resolved "https://artifacts.aue1e.internal:443/artifactory/api/npm/npm-okta-master/color-convert/-/color-convert-2.0.1.tgz#72d3a68d598c9bdb3af2ad1e84f21d896abd4de3"
  integrity sha1-ctOmjVmMm9s68q0ehPIdiWq9TeM=
  dependencies:
    color-name "~1.1.4"

color-name@~1.1.4:
  version "1.1.4"
  resolved "https://artifacts.aue1e.internal:443/artifactory/api/npm/npm-okta-master/color-name/-/color-name-1.1.4.tgz#c2a09a87acbde69543de6f63fa3995c826c536a2"
  integrity sha1-wqCah6y95pVD3m9j+jmVyCbFNqI=

commander@^2.19.0:
  version "2.20.3"
  resolved "https://artifacts.aue1e.internal:443/artifactory/api/npm/npm-okta-master/commander/-/commander-2.20.3.tgz#fd485e84c03eb4881c20722ba48035e8531aeb33"
  integrity sha1-/UhehMA+tIgcIHIrpIA16FMa6zM=

dom-serializer@^2.0.0:
  version "2.0.0"
  resolved "https://artifacts.aue1e.internal:443/artifactory/api/npm/npm-okta-master/dom-serializer/-/dom-serializer-2.0.0.tgz#e41b802e1eedf9f6cae183ce5e622d789d7d8e53"
  integrity sha1-5BuALh7t+fbK4YPOXmIteJ19jlM=
  dependencies:
    domelementtype "^2.3.0"
    domhandler "^5.0.2"
    entities "^4.2.0"

domelementtype@^2.3.0:
  version "2.3.0"
  resolved "https://artifacts.aue1e.internal:443/artifactory/api/npm/npm-okta-master/domelementtype/-/domelementtype-2.3.0.tgz#5c45e8e869952626331d7aab326d01daf65d589d"
  integrity sha1-XEXo6GmVJiYzHXqrMm0B2vZdWJ0=

domhandler@^5.0.1, domhandler@^5.0.2:
  version "5.0.3"
  resolved "https://artifacts.aue1e.internal:443/artifactory/api/npm/npm-okta-master/domhandler/-/domhandler-5.0.3.tgz#cc385f7f751f1d1fc650c21374804254538c7d31"
  integrity sha1-zDhff3UfHR/GUMITdIBCVFOMfTE=
  dependencies:
    domelementtype "^2.3.0"

domutils@^3.0.1:
  version "3.0.1"
  resolved "https://artifacts.aue1e.internal:443/artifactory/api/npm/npm-okta-master/domutils/-/domutils-3.0.1.tgz#696b3875238338cb186b6c0612bd4901c89a4f1c"
  integrity sha1-aWs4dSODOMsYa2wGEr1JAciaTxw=
  dependencies:
    dom-serializer "^2.0.0"
    domelementtype "^2.3.0"
    domhandler "^5.0.1"

emoji-regex@^8.0.0:
  version "8.0.0"
  resolved "https://artifacts.aue1e.internal:443/artifactory/api/npm/npm-okta-master/emoji-regex/-/emoji-regex-8.0.0.tgz#e818fd69ce5ccfcb404594f842963bf53164cc37"
  integrity sha1-6Bj9ac5cz8tARZT4QpY79TFkzDc=

entities@^4.2.0, entities@^4.3.0:
  version "4.5.0"
  resolved "https://artifacts.aue1e.internal:443/artifactory/api/npm/npm-okta-master/entities/-/entities-4.5.0.tgz#5d268ea5e7113ec74c4d033b79ea5a35a488fb48"
  integrity sha1-XSaOpecRPsdMTQM7eepaNaSI+0g=

escalade@^3.1.1:
  version "3.1.1"
  resolved "https://artifacts.aue1e.internal:443/artifactory/api/npm/npm-okta-master/escalade/-/escalade-3.1.1.tgz#d8cfdc7000965c5a0174b4a82eaa5c0552742e40"
  integrity sha1-2M/ccACWXFoBdLSoLqpcBVJ0LkA=

escape-unicode@^0.2.0:
  version "0.2.0"
  resolved "https://artifacts.aue1e.internal:443/artifactory/api/npm/npm-okta-master/escape-unicode/-/escape-unicode-0.2.0.tgz#8c33e161a541ba944b75d93f79f15c8a7f419ed9"
  integrity sha1-jDPhYaVBupRLddk/efFcin9Bntk=

fs-extra@^3.0.1:
  version "3.0.1"
  resolved "https://artifacts.aue1e.internal:443/artifactory/api/npm/npm-okta-master/fs-extra/-/fs-extra-3.0.1.tgz#3794f378c58b342ea7dbbb23095109c4b3b62291"
  integrity sha1-N5TzeMWLNC6n27sjCVEJxLO2IpE=
  dependencies:
    graceful-fs "^4.1.2"
    jsonfile "^3.0.0"
    universalify "^0.1.0"

get-caller-file@^2.0.5:
  version "2.0.5"
  resolved "https://artifacts.aue1e.internal:443/artifactory/api/npm/npm-okta-master/get-caller-file/-/get-caller-file-2.0.5.tgz#4f94412a82db32f36e3b0b9741f8a97feb031f7e"
  integrity sha1-T5RBKoLbMvNuOwuXQfipf+sDH34=

graceful-fs@^4.1.2, graceful-fs@^4.1.6:
  version "4.2.4"
  resolved "https://artifacts.aue1e.internal:443/artifactory/api/npm/npm-okta-master/graceful-fs/-/graceful-fs-4.2.4.tgz#2256bde14d3632958c465ebc96dc467ca07a29fb"
  integrity sha1-Ila94U02MpWMRl68ltxGfKB6Kfs=

htmlparser2@8.0.1:
  version "8.0.1"
  resolved "https://artifacts.aue1e.internal:443/artifactory/api/npm/npm-okta-master/htmlparser2/-/htmlparser2-8.0.1.tgz#abaa985474fcefe269bc761a779b544d7196d010"
  integrity sha1-q6qYVHT87+JpvHYad5tUTXGW0BA=
  dependencies:
    domelementtype "^2.3.0"
    domhandler "^5.0.2"
    domutils "^3.0.1"
    entities "^4.3.0"

intl-messageformat-parser@^1.3.0:
  version "1.8.1"
  resolved "https://artifacts.aue1e.internal:443/artifactory/api/npm/npm-okta-master/intl-messageformat-parser/-/intl-messageformat-parser-1.8.1.tgz#0eb14c5618333be4c95c409457b66c8c33ddcc01"
  integrity sha1-DrFMVhgzO+TJXECUV7ZsjDPdzAE=

intl-messageformat@^9.7.1:
  version "9.13.0"
  resolved "https://artifacts.aue1e.internal:443/artifactory/api/npm/npm-okta-master/intl-messageformat/-/intl-messageformat-9.13.0.tgz#97360b73bd82212e4f6005c712a4a16053165468"
  integrity sha1-lzYLc72CIS5PYAXHEqShYFMWVGg=
  dependencies:
    "@formatjs/ecma402-abstract" "1.11.4"
    "@formatjs/fast-memoize" "1.2.1"
    "@formatjs/icu-messageformat-parser" "2.1.0"
    tslib "^2.1.0"

is-fullwidth-code-point@^3.0.0:
  version "3.0.0"
  resolved "https://artifacts.aue1e.internal:443/artifactory/api/npm/npm-okta-master/is-fullwidth-code-point/-/is-fullwidth-code-point-3.0.0.tgz#f116f8064fe90b3f7844a38997c0b75051269f1d"
  integrity sha1-8Rb4Bk/pCz94RKOJl8C3UFEmnx0=

jsonfile@^3.0.0:
  version "3.0.1"
  resolved "https://artifacts.aue1e.internal:443/artifactory/api/npm/npm-okta-master/jsonfile/-/jsonfile-3.0.1.tgz#a5ecc6f65f53f662c4415c7675a0331d0992ec66"
  integrity sha1-pezG9l9T9mLEQVx2daAzHQmS7GY=
  optionalDependencies:
    graceful-fs "^4.1.6"

node-native2ascii@^0.2.0:
  version "0.2.0"
  resolved "https://artifacts.aue1e.internal:443/artifactory/api/npm/npm-okta-master/node-native2ascii/-/node-native2ascii-0.2.0.tgz#3602339db320bd87c50e9e06f16511759b165c67"
  integrity sha1-NgIznbMgvYfFDp4G8WURdZsWXGc=
  dependencies:
    commander "^2.19.0"
    escape-unicode "^0.2.0"
    unescape-unicode "^0.2.0"

properties@^1.2.1:
  version "1.2.1"
  resolved "https://artifacts.aue1e.internal:443/artifactory/api/npm/npm-okta-master/properties/-/properties-1.2.1.tgz#0ee97a7fc020b1a2a55b8659eda4aa8d869094bd"
  integrity sha1-Dul6f8AgsaKlW4ZZ7aSqjYaQlL0=

require-directory@^2.1.1:
  version "2.1.1"
  resolved "https://artifacts.aue1e.internal:443/artifactory/api/npm/npm-okta-master/require-directory/-/require-directory-2.1.1.tgz#8c64ad5fd30dab1c976e2344ffe7f792a6a6df42"
  integrity sha1-jGStX9MNqxyXbiNE/+f3kqam30I=

string-width@^4.1.0, string-width@^4.2.0, string-width@^4.2.3:
  version "4.2.3"
  resolved "https://artifacts.aue1e.internal:443/artifactory/api/npm/npm-okta-master/string-width/-/string-width-4.2.3.tgz#269c7117d27b05ad2e536830a8ec895ef9c6d010"
  integrity sha1-JpxxF9J7Ba0uU2gwqOyJXvnG0BA=
  dependencies:
    emoji-regex "^8.0.0"
    is-fullwidth-code-point "^3.0.0"
    strip-ansi "^6.0.1"

strip-ansi@^6.0.0, strip-ansi@^6.0.1:
  version "6.0.1"
  resolved "https://artifacts.aue1e.internal:443/artifactory/api/npm/npm-okta-master/strip-ansi/-/strip-ansi-6.0.1.tgz#9e26c63d30f53443e9489495b2105d37b67a85d9"
  integrity sha1-nibGPTD1NEPpSJSVshBdN7Z6hdk=
  dependencies:
    ansi-regex "^5.0.1"

tslib@^2.1.0:
  version "2.5.0"
  resolved "https://artifacts.aue1e.internal:443/artifactory/api/npm/npm-okta-master/tslib/-/tslib-2.5.0.tgz#42bfed86f5787aeb41d031866c8f402429e0fddf"
  integrity sha1-Qr/thvV4eutB0DGGbI9AJCng/d8=

unescape-unicode@^0.2.0:
  version "0.2.0"
  resolved "https://artifacts.aue1e.internal:443/artifactory/api/npm/npm-okta-master/unescape-unicode/-/unescape-unicode-0.2.0.tgz#e70c8c99171d3ed6e4f08c220d3ac09b4639b07d"
  integrity sha1-5wyMmRcdPtbk8IwiDTrAm0Y5sH0=

universalify@^0.1.0:
  version "0.1.2"
  resolved "https://artifacts.aue1e.internal:443/artifactory/api/npm/npm-okta-master/universalify/-/universalify-0.1.2.tgz#b646f69be3942dabcecc9d6639c80dc105efaa66"
  integrity sha1-tkb2m+OULavOzJ1mOcgNwQXvqmY=

wrap-ansi@^7.0.0:
  version "7.0.0"
  resolved "https://artifacts.aue1e.internal:443/artifactory/api/npm/npm-okta-master/wrap-ansi/-/wrap-ansi-7.0.0.tgz#67e145cff510a6a6984bdf1152911d69d2eb9e43"
  integrity sha1-Z+FFz/UQpqaYS98RUpEdadLrnkM=
  dependencies:
    ansi-styles "^4.0.0"
    string-width "^4.1.0"
    strip-ansi "^6.0.0"

y18n@^5.0.5:
  version "5.0.8"
  resolved "https://artifacts.aue1e.internal:443/artifactory/api/npm/npm-okta-master/y18n/-/y18n-5.0.8.tgz#7f4934d0f7ca8c56f95314939ddcd2dd91ce1d55"
  integrity sha1-f0k00PfKjFb5UxSTndzS3ZHOHVU=

yargs-parser@^21.1.1:
  version "21.1.1"
  resolved "https://artifacts.aue1e.internal:443/artifactory/api/npm/npm-okta-master/yargs-parser/-/yargs-parser-21.1.1.tgz#9096bceebf990d21bb31fa9516e0ede294a77d35"
  integrity sha1-kJa87r+ZDSG7MfqVFuDt4pSnfTU=

yargs@^17.1.0:
  version "17.7.1"
  resolved "https://artifacts.aue1e.internal:443/artifactory/api/npm/npm-okta-master/yargs/-/yargs-17.7.1.tgz#34a77645201d1a8fc5213ace787c220eabbd0967"
  integrity sha1-NKd2RSAdGo/FITrOeHwiDqu9CWc=
  dependencies:
    cliui "^8.0.1"
    escalade "^3.1.1"
    get-caller-file "^2.0.5"
    require-directory "^2.1.1"
    string-width "^4.2.3"
    y18n "^5.0.5"
    yargs-parser "^21.1.1"
