# THIS IS AN AUTOGENERATED FILE. DO NOT EDIT THIS FILE DIRECTLY.
# yarn lockfile v1


"@okta/app-localizer@1.2.3-105-g97aab49":
  version "1.2.3-105-g97aab49"
  resolved "https://artifacts.aue1d.saasure.com:443/artifactory/api/npm/npm-okta-all/@okta/app-localizer/-/@okta/app-localizer-1.2.3-105-g97aab49.tgz#337dee94115f5bc0cc391109d6bcedeb16bdffb9"
  integrity sha1-M33ulBFfW8DMOREJ1rzt6xa9/7k=
  dependencies:
    intl-messageformat-parser "^1.3.0"
    node-native2ascii "^0.2.0"

"@okta/i18n.pseudo-loc@0.0.0-4584-gced6ef0":
  version "0.0.0-4584-gced6ef0"
  resolved "https://artifacts.aue1d.saasure.com:443/artifactory/api/npm/npm-okta-all/@okta/i18n.pseudo-loc/-/@okta/i18n.pseudo-loc-0.0.0-4584-gced6ef0.tgz#5cac74c2fa4da80c1212b88b4e968c90d85f5c61"
  integrity sha1-XKx0wvpNqAwSEriLTpaMkNhfXGE=
  dependencies:
    "@okta/app-localizer" "1.2.3-105-g97aab49"
    fs-extra "^3.0.1"
    properties "^1.2.1"
    yargs "^13.3.0"

ansi-regex@^4.1.0:
  version "4.1.0"
  resolved "https://artifacts.aue1d.saasure.com:443/artifactory/api/npm/npm-okta-master/ansi-regex/-/ansi-regex-4.1.0.tgz#8b9f8f08cf1acb843756a839ca8c7e3168c51997"
  integrity sha1-i5+PCM8ay4Q3Vqg5yox+MWjFGZc=

ansi-styles@^3.2.0:
  version "3.2.1"
  resolved "https://artifacts.aue1d.saasure.com:443/artifactory/api/npm/npm-okta-master/ansi-styles/-/ansi-styles-3.2.1.tgz#41fbb20243e50b12be0f04b8dedbf07520ce841d"
  integrity sha1-QfuyAkPlCxK+DwS43tvwdSDOhB0=
  dependencies:
    color-convert "^1.9.0"

camelcase@^5.0.0:
  version "5.3.1"
  resolved "https://artifacts.aue1d.saasure.com:443/artifactory/api/npm/npm-okta-master/camelcase/-/camelcase-5.3.1.tgz#e3c9b31569e106811df242f715725a1f4c494320"
  integrity sha1-48mzFWnhBoEd8kL3FXJaH0xJQyA=

cliui@^5.0.0:
  version "5.0.0"
  resolved "https://artifacts.aue1d.saasure.com:443/artifactory/api/npm/npm-okta-master/cliui/-/cliui-5.0.0.tgz#deefcfdb2e800784aa34f46fa08e06851c7bbbc5"
  integrity sha1-3u/P2y6AB4SqNPRvoI4GhRx7u8U=
  dependencies:
    string-width "^3.1.0"
    strip-ansi "^5.2.0"
    wrap-ansi "^5.1.0"

color-convert@^1.9.0:
  version "1.9.3"
  resolved "https://artifacts.aue1d.saasure.com:443/artifactory/api/npm/npm-okta-master/color-convert/-/color-convert-1.9.3.tgz#bb71850690e1f136567de629d2d5471deda4c1e8"
  integrity sha1-u3GFBpDh8TZWfeYp0tVHHe2kweg=
  dependencies:
    color-name "1.1.3"

color-name@1.1.3:
  version "1.1.3"
  resolved "https://artifacts.aue1d.saasure.com:443/artifactory/api/npm/npm-okta-master/color-name/-/color-name-1.1.3.tgz#a7d0558bd89c42f795dd42328f740831ca53bc25"
  integrity sha1-p9BVi9icQveV3UIyj3QIMcpTvCU=

commander@^2.19.0:
  version "2.20.3"
  resolved "https://artifacts.aue1d.saasure.com:443/artifactory/api/npm/npm-okta-master/commander/-/commander-2.20.3.tgz#fd485e84c03eb4881c20722ba48035e8531aeb33"
  integrity sha1-/UhehMA+tIgcIHIrpIA16FMa6zM=

decamelize@^1.2.0:
  version "1.2.0"
  resolved "https://artifacts.aue1d.saasure.com:443/artifactory/api/npm/npm-okta-master/decamelize/-/decamelize-1.2.0.tgz#f6534d15148269b20352e7bee26f501f9a191290"
  integrity sha1-9lNNFRSCabIDUue+4m9QH5oZEpA=

emoji-regex@^7.0.1:
  version "7.0.3"
  resolved "https://artifacts.aue1d.saasure.com:443/artifactory/api/npm/npm-okta-master/emoji-regex/-/emoji-regex-7.0.3.tgz#933a04052860c85e83c122479c4748a8e4c72156"
  integrity sha1-kzoEBShgyF6DwSJHnEdIqOTHIVY=

escape-unicode@^0.2.0:
  version "0.2.0"
  resolved "https://artifacts.aue1d.saasure.com:443/artifactory/api/npm/npm-okta-master/escape-unicode/-/escape-unicode-0.2.0.tgz#8c33e161a541ba944b75d93f79f15c8a7f419ed9"
  integrity sha1-jDPhYaVBupRLddk/efFcin9Bntk=

find-up@^3.0.0:
  version "3.0.0"
  resolved "https://artifacts.aue1d.saasure.com:443/artifactory/api/npm/npm-okta-master/find-up/-/find-up-3.0.0.tgz#49169f1d7993430646da61ecc5ae355c21c97b73"
  integrity sha1-SRafHXmTQwZG2mHsxa41XCHJe3M=
  dependencies:
    locate-path "^3.0.0"

fs-extra@^3.0.1:
  version "3.0.1"
  resolved "https://artifacts.aue1d.saasure.com:443/artifactory/api/npm/npm-okta-master/fs-extra/-/fs-extra-3.0.1.tgz#3794f378c58b342ea7dbbb23095109c4b3b62291"
  integrity sha1-N5TzeMWLNC6n27sjCVEJxLO2IpE=
  dependencies:
    graceful-fs "^4.1.2"
    jsonfile "^3.0.0"
    universalify "^0.1.0"

get-caller-file@^2.0.1:
  version "2.0.5"
  resolved "https://artifacts.aue1d.saasure.com:443/artifactory/api/npm/npm-okta-master/get-caller-file/-/get-caller-file-2.0.5.tgz#4f94412a82db32f36e3b0b9741f8a97feb031f7e"
  integrity sha1-T5RBKoLbMvNuOwuXQfipf+sDH34=

graceful-fs@^4.1.2, graceful-fs@^4.1.6:
  version "4.2.4"
  resolved "https://artifacts.aue1d.saasure.com:443/artifactory/api/npm/npm-okta-master/graceful-fs/-/graceful-fs-4.2.4.tgz#2256bde14d3632958c465ebc96dc467ca07a29fb"
  integrity sha1-Ila94U02MpWMRl68ltxGfKB6Kfs=

intl-messageformat-parser@^1.3.0:
  version "1.8.1"
  resolved "https://artifacts.aue1d.saasure.com:443/artifactory/api/npm/npm-okta-master/intl-messageformat-parser/-/intl-messageformat-parser-1.8.1.tgz#0eb14c5618333be4c95c409457b66c8c33ddcc01"
  integrity sha1-DrFMVhgzO+TJXECUV7ZsjDPdzAE=

is-fullwidth-code-point@^2.0.0:
  version "2.0.0"
  resolved "https://artifacts.aue1d.saasure.com:443/artifactory/api/npm/npm-okta-master/is-fullwidth-code-point/-/is-fullwidth-code-point-2.0.0.tgz#a3b30a5c4f199183167aaab93beefae3ddfb654f"
  integrity sha1-o7MKXE8ZkYMWeqq5O+764937ZU8=

jsonfile@^3.0.0:
  version "3.0.1"
  resolved "https://artifacts.aue1d.saasure.com:443/artifactory/api/npm/npm-okta-master/jsonfile/-/jsonfile-3.0.1.tgz#a5ecc6f65f53f662c4415c7675a0331d0992ec66"
  integrity sha1-pezG9l9T9mLEQVx2daAzHQmS7GY=
  optionalDependencies:
    graceful-fs "^4.1.6"

locate-path@^3.0.0:
  version "3.0.0"
  resolved "https://artifacts.aue1d.saasure.com:443/artifactory/api/npm/npm-okta-master/locate-path/-/locate-path-3.0.0.tgz#dbec3b3ab759758071b58fe59fc41871af21400e"
  integrity sha1-2+w7OrdZdYBxtY/ln8QYca8hQA4=
  dependencies:
    p-locate "^3.0.0"
    path-exists "^3.0.0"

node-native2ascii@^0.2.0:
  version "0.2.0"
  resolved "https://artifacts.aue1d.saasure.com:443/artifactory/api/npm/npm-okta-master/node-native2ascii/-/node-native2ascii-0.2.0.tgz#3602339db320bd87c50e9e06f16511759b165c67"
  integrity sha1-NgIznbMgvYfFDp4G8WURdZsWXGc=
  dependencies:
    commander "^2.19.0"
    escape-unicode "^0.2.0"
    unescape-unicode "^0.2.0"

p-limit@^2.0.0:
  version "2.3.0"
  resolved "https://artifacts.aue1d.saasure.com:443/artifactory/api/npm/npm-okta-master/p-limit/-/p-limit-2.3.0.tgz#3dd33c647a214fdfffd835933eb086da0dc21db1"
  integrity sha1-PdM8ZHohT9//2DWTPrCG2g3CHbE=
  dependencies:
    p-try "^2.0.0"

p-locate@^3.0.0:
  version "3.0.0"
  resolved "https://artifacts.aue1d.saasure.com:443/artifactory/api/npm/npm-okta-master/p-locate/-/p-locate-3.0.0.tgz#322d69a05c0264b25997d9f40cd8a891ab0064a4"
  integrity sha1-Mi1poFwCZLJZl9n0DNiokasAZKQ=
  dependencies:
    p-limit "^2.0.0"

p-try@^2.0.0:
  version "2.2.0"
  resolved "https://artifacts.aue1d.saasure.com:443/artifactory/api/npm/npm-okta-master/p-try/-/p-try-2.2.0.tgz#cb2868540e313d61de58fafbe35ce9004d5540e6"
  integrity sha1-yyhoVA4xPWHeWPr741zpAE1VQOY=

path-exists@^3.0.0:
  version "3.0.0"
  resolved "https://artifacts.aue1d.saasure.com:443/artifactory/api/npm/npm-okta-master/path-exists/-/path-exists-3.0.0.tgz#ce0ebeaa5f78cb18925ea7d810d7b59b010fd515"
  integrity sha1-zg6+ql94yxiSXqfYENe1mwEP1RU=

properties@^1.2.1:
  version "1.2.1"
  resolved "https://artifacts.aue1d.saasure.com:443/artifactory/api/npm/npm-okta-master/properties/-/properties-1.2.1.tgz#0ee97a7fc020b1a2a55b8659eda4aa8d869094bd"
  integrity sha1-Dul6f8AgsaKlW4ZZ7aSqjYaQlL0=

require-directory@^2.1.1:
  version "2.1.1"
  resolved "https://artifacts.aue1d.saasure.com:443/artifactory/api/npm/npm-okta-master/require-directory/-/require-directory-2.1.1.tgz#8c64ad5fd30dab1c976e2344ffe7f792a6a6df42"
  integrity sha1-jGStX9MNqxyXbiNE/+f3kqam30I=

require-main-filename@^2.0.0:
  version "2.0.0"
  resolved "https://artifacts.aue1d.saasure.com:443/artifactory/api/npm/npm-okta-master/require-main-filename/-/require-main-filename-2.0.0.tgz#d0b329ecc7cc0f61649f62215be69af54aa8989b"
  integrity sha1-0LMp7MfMD2Fkn2IhW+aa9UqomJs=

set-blocking@^2.0.0:
  version "2.0.0"
  resolved "https://artifacts.aue1d.saasure.com:443/artifactory/api/npm/npm-okta-master/set-blocking/-/set-blocking-2.0.0.tgz#045f9782d011ae9a6803ddd382b24392b3d890f7"
  integrity sha1-BF+XgtARrppoA93TgrJDkrPYkPc=

string-width@^3.0.0, string-width@^3.1.0:
  version "3.1.0"
  resolved "https://artifacts.aue1d.saasure.com:443/artifactory/api/npm/npm-okta-master/string-width/-/string-width-3.1.0.tgz#22767be21b62af1081574306f69ac51b62203961"
  integrity sha1-InZ74htirxCBV0MG9prFG2IgOWE=
  dependencies:
    emoji-regex "^7.0.1"
    is-fullwidth-code-point "^2.0.0"
    strip-ansi "^5.1.0"

strip-ansi@^5.0.0, strip-ansi@^5.1.0, strip-ansi@^5.2.0:
  version "5.2.0"
  resolved "https://artifacts.aue1d.saasure.com:443/artifactory/api/npm/npm-okta-master/strip-ansi/-/strip-ansi-5.2.0.tgz#8c9a536feb6afc962bdfa5b104a5091c1ad9c0ae"
  integrity sha1-jJpTb+tq/JYr36WxBKUJHBrZwK4=
  dependencies:
    ansi-regex "^4.1.0"

unescape-unicode@^0.2.0:
  version "0.2.0"
  resolved "https://artifacts.aue1d.saasure.com:443/artifactory/api/npm/npm-okta-master/unescape-unicode/-/unescape-unicode-0.2.0.tgz#e70c8c99171d3ed6e4f08c220d3ac09b4639b07d"
  integrity sha1-5wyMmRcdPtbk8IwiDTrAm0Y5sH0=

universalify@^0.1.0:
  version "0.1.2"
  resolved "https://artifacts.aue1d.saasure.com:443/artifactory/api/npm/npm-okta-master/universalify/-/universalify-0.1.2.tgz#b646f69be3942dabcecc9d6639c80dc105efaa66"
  integrity sha1-tkb2m+OULavOzJ1mOcgNwQXvqmY=

which-module@^2.0.0:
  version "2.0.0"
  resolved "https://artifacts.aue1d.saasure.com:443/artifactory/api/npm/npm-okta-master/which-module/-/which-module-2.0.0.tgz#d9ef07dce77b9902b8a3a8fa4b31c3e3f7e6e87a"
  integrity sha1-2e8H3Od7mQK4o6j6SzHD4/fm6Ho=

wrap-ansi@^5.1.0:
  version "5.1.0"
  resolved "https://artifacts.aue1d.saasure.com:443/artifactory/api/npm/npm-okta-master/wrap-ansi/-/wrap-ansi-5.1.0.tgz#1fd1f67235d5b6d0fee781056001bfb694c03b09"
  integrity sha1-H9H2cjXVttD+54EFYAG/tpTAOwk=
  dependencies:
    ansi-styles "^3.2.0"
    string-width "^3.0.0"
    strip-ansi "^5.0.0"

y18n@^4.0.0:
  version "4.0.1"
  resolved "https://artifacts.aue1d.saasure.com:443/artifactory/api/npm/npm-okta-master/y18n/-/y18n-4.0.1.tgz#8db2b83c31c5d75099bb890b23f3094891e247d4"
  integrity sha1-jbK4PDHF11CZu4kLI/MJSJHiR9Q=

yargs-parser@^13.1.2:
  version "13.1.2"
  resolved "https://artifacts.aue1d.saasure.com:443/artifactory/api/npm/npm-okta-master/yargs-parser/-/yargs-parser-13.1.2.tgz#130f09702ebaeef2650d54ce6e3e5706f7a4fb38"
  integrity sha1-Ew8JcC667vJlDVTObj5XBvek+zg=
  dependencies:
    camelcase "^5.0.0"
    decamelize "^1.2.0"

yargs@^13.3.0:
  version "13.3.2"
  resolved "https://artifacts.aue1d.saasure.com:443/artifactory/api/npm/npm-okta-master/yargs/-/yargs-13.3.2.tgz#ad7ffefec1aa59565ac915f82dccb38a9c31a2dd"
  integrity sha1-rX/+/sGqWVZayRX4Lcyzipwxot0=
  dependencies:
    cliui "^5.0.0"
    find-up "^3.0.0"
    get-caller-file "^2.0.1"
    require-directory "^2.1.1"
    require-main-filename "^2.0.0"
    set-blocking "^2.0.0"
    string-width "^3.0.0"
    which-module "^2.0.0"
    y18n "^4.0.0"
    yargs-parser "^13.1.2"
