# THIS IS AN AUTOGENERATED FILE. DO NOT EDIT THIS FILE DIRECTLY.
# yarn lockfile v1


"@formatjs/ecma402-abstract@1.11.4":
  version "1.11.4"
  resolved "https://artifacts.aue1e.internal:443/artifactory/api/npm/npm-okta-master/@formatjs/ecma402-abstract/-/ecma402-abstract-1.11.4.tgz#b962dfc4ae84361f9f08fbce411b4e4340930eda"
  integrity sha1-uWLfxK6ENh+fCPvOQRtOQ0CTDto=
  dependencies:
    "@formatjs/intl-localematcher" "0.2.25"
    tslib "^2.1.0"

"@formatjs/fast-memoize@1.2.1":
  version "1.2.1"
  resolved "https://artifacts.aue1e.internal:443/artifactory/api/npm/npm-okta-master/@formatjs/fast-memoize/-/fast-memoize-1.2.1.tgz#e6f5aee2e4fd0ca5edba6eba7668e2d855e0fc21"
  integrity sha1-5vWu4uT9DKXtum66dmji2FXg/CE=
  dependencies:
    tslib "^2.1.0"

"@formatjs/icu-messageformat-parser@2.1.0":
  version "2.1.0"
  resolved "https://artifacts.aue1e.internal:443/artifactory/api/npm/npm-okta-master/@formatjs/icu-messageformat-parser/-/icu-messageformat-parser-2.1.0.tgz#a54293dd7f098d6a6f6a084ab08b6d54a3e8c12d"
  integrity sha1-pUKT3X8JjWpvaghKsIttVKPowS0=
  dependencies:
    "@formatjs/ecma402-abstract" "1.11.4"
    "@formatjs/icu-skeleton-parser" "1.3.6"
    tslib "^2.1.0"

"@formatjs/icu-skeleton-parser@1.3.6":
  version "1.3.6"
  resolved "https://artifacts.aue1e.internal:443/artifactory/api/npm/npm-okta-master/@formatjs/icu-skeleton-parser/-/icu-skeleton-parser-1.3.6.tgz#4ce8c0737d6f07b735288177049e97acbf2e8964"
  integrity sha1-TOjAc31vB7c1KIF3BJ6XrL8uiWQ=
  dependencies:
    "@formatjs/ecma402-abstract" "1.11.4"
    tslib "^2.1.0"

"@formatjs/intl-localematcher@0.2.25":
  version "0.2.25"
  resolved "https://artifacts.aue1e.internal:443/artifactory/api/npm/npm-okta-master/@formatjs/intl-localematcher/-/intl-localematcher-0.2.25.tgz#60892fe1b271ec35ba07a2eb018a2dd7bca6ea3a"
  integrity sha1-YIkv4bJx7DW6B6LrAYot17ym6jo=
  dependencies:
    tslib "^2.1.0"

"@okta/tools.i18n.pseudo-loc@0.1.0-34-g8b1e866":
  version "0.1.0-34-g8b1e866"
  resolved "https://artifacts.aue1e.internal:443/artifactory/api/npm/npm-okta-all/@okta/tools.i18n.pseudo-loc/-/@okta/tools.i18n.pseudo-loc-0.1.0-34-g8b1e866.tgz#ef67892ee05e14be8cedadccba9c64bd0f0916af"
  integrity sha512-DRH1MjQ+Qa9tXc6TQkzsZ11gxI5b8vbLKrjyPsXXoRk/BIFALmGljucc/fNUoT8CzFcXjsAAHsuDqVtP2UawKA==
  dependencies:
    fs-extra "^3.0.1"
    htmlparser2 "8.0.1"
    intl-messageformat "^9.7.1"
    intl-messageformat-parser "^1.3.0"
    node-native2ascii "^0.2.0"
    properties "^1.2.1"
    yargs "^17.1.0"

"@types/node-fetch@^2.6.4":
  version "2.6.6"
  resolved "https://artifacts.aue1e.internal:443/artifactory/api/npm/npm-okta-master/@types/node-fetch/-/node-fetch-2.6.6.tgz#b72f3f4bc0c0afee1c0bc9cff68e041d01e3e779"
  integrity sha512-95X8guJYhfqiuVVhRFxVQcf4hW/2bCuoPwDasMf/531STFoNoWTT7YDnWdXHEZKqAGUigmpG31r2FE70LwnzJw==
  dependencies:
    "@types/node" "*"
    form-data "^4.0.0"

"@types/node@*":
  version "20.8.6"
  resolved "https://artifacts.aue1e.internal:443/artifactory/api/npm/npm-okta-master/@types/node/-/node-20.8.6.tgz#0dbd4ebcc82ad0128df05d0e6f57e05359ee47fa"
  integrity sha512-eWO4K2Ji70QzKUqRy6oyJWUeB7+g2cRagT3T/nxYibYcT4y2BDL8lqolRXjTHmkZCdJfIPaY73KbJAZmcryxTQ==
  dependencies:
    undici-types "~5.25.1"

"@types/node@^18.11.18":
  version "18.18.5"
  resolved "https://artifacts.aue1e.internal:443/artifactory/api/npm/npm-okta-master/@types/node/-/node-18.18.5.tgz#afc0fd975df946d6e1add5bbf98264225b212244"
  integrity sha512-4slmbtwV59ZxitY4ixUZdy1uRLf9eSIvBWPQxNjhHYWEtn0FryfKpyS2cvADYXTayWdKEIsJengncrVvkI4I6A==

abort-controller@^3.0.0:
  version "3.0.0"
  resolved "https://artifacts.aue1e.internal:443/artifactory/api/npm/npm-okta-master/abort-controller/-/abort-controller-3.0.0.tgz#eaf54d53b62bae4138e809ca225c8439a6efb392"
  integrity sha512-h8lQ8tacZYnR3vNQTgibj+tODHI5/+l06Au2Pcriv/Gmet0eaj4TwWH41sO9wnHDiQsEj19q0drzdWdeAHtweg==
  dependencies:
    event-target-shim "^5.0.0"

agentkeepalive@^4.2.1:
  version "4.5.0"
  resolved "https://artifacts.aue1e.internal:443/artifactory/api/npm/npm-okta-master/agentkeepalive/-/agentkeepalive-4.5.0.tgz#2673ad1389b3c418c5a20c5d7364f93ca04be923"
  integrity sha512-5GG/5IbQQpC9FpkRGsSvZI5QYeSCzlJHdpBQntCsuTOxhKD8lqKhrleg2Yi7yvMIf82Ycmmqln9U8V9qwEiJew==
  dependencies:
    humanize-ms "^1.2.1"

ansi-regex@^5.0.1:
  version "5.0.1"
  resolved "https://artifacts.aue1e.internal:443/artifactory/api/npm/npm-okta-master/ansi-regex/-/ansi-regex-5.0.1.tgz#082cb2c89c9fe8659a311a53bd6a4dc5301db304"
  integrity sha1-CCyyyJyf6GWaMRpTvWpNxTAdswQ=

ansi-styles@^4.0.0:
  version "4.3.0"
  resolved "https://artifacts.aue1e.internal:443/artifactory/api/npm/npm-okta-master/ansi-styles/-/ansi-styles-4.3.0.tgz#edd803628ae71c04c85ae7a0906edad34b648937"
  integrity sha1-7dgDYornHATIWuegkG7a00tkiTc=
  dependencies:
    color-convert "^2.0.1"

asynckit@^0.4.0:
  version "0.4.0"
  resolved "https://artifacts.aue1e.internal:443/artifactory/api/npm/npm-okta-master/asynckit/-/asynckit-0.4.0.tgz#c79ed97f7f34cb8f2ba1bc9790bcc366474b4b79"
  integrity sha512-Oei9OH4tRh0YqU3GxhX79dM/mwVgvbZJaSNaRk+bshkj0S5cfHcgYakreBjrHwatXKbz+IoIdYLxrKim2MjW0Q==

base-64@^0.1.0:
  version "0.1.0"
  resolved "https://artifacts.aue1e.internal:443/artifactory/api/npm/npm-okta-master/base-64/-/base-64-0.1.0.tgz#780a99c84e7d600260361511c4877613bf24f6bb"
  integrity sha512-Y5gU45svrR5tI2Vt/X9GPd3L0HNIKzGu202EjxrXMpuc2V2CiKgemAbUUsqYmZJvPtCXoUKjNZwBJzsNScUbXA==

charenc@0.0.2:
  version "0.0.2"
  resolved "https://artifacts.aue1e.internal:443/artifactory/api/npm/npm-okta-master/charenc/-/charenc-0.0.2.tgz#c0a1d2f3a7092e03774bfa83f14c0fc5790a8667"
  integrity sha512-yrLQ/yVUFXkzg7EDQsPieE/53+0RlaWTs+wBrvW36cyilJ2SaDWfl4Yj7MtLTXleV9uEKefbAGUPv2/iWSooRA==

cliui@^8.0.1:
  version "8.0.1"
  resolved "https://artifacts.aue1e.internal:443/artifactory/api/npm/npm-okta-master/cliui/-/cliui-8.0.1.tgz#0c04b075db02cbfe60dc8e6cf2f5486b1a3608aa"
  integrity sha1-DASwddsCy/5g3I5s8vVIaxo2CKo=
  dependencies:
    string-width "^4.2.0"
    strip-ansi "^6.0.1"
    wrap-ansi "^7.0.0"

color-convert@^2.0.1:
  version "2.0.1"
  resolved "https://artifacts.aue1e.internal:443/artifactory/api/npm/npm-okta-master/color-convert/-/color-convert-2.0.1.tgz#72d3a68d598c9bdb3af2ad1e84f21d896abd4de3"
  integrity sha1-ctOmjVmMm9s68q0ehPIdiWq9TeM=
  dependencies:
    color-name "~1.1.4"

color-name@~1.1.4:
  version "1.1.4"
  resolved "https://artifacts.aue1e.internal:443/artifactory/api/npm/npm-okta-master/color-name/-/color-name-1.1.4.tgz#c2a09a87acbde69543de6f63fa3995c826c536a2"
  integrity sha1-wqCah6y95pVD3m9j+jmVyCbFNqI=

combined-stream@^1.0.8:
  version "1.0.8"
  resolved "https://artifacts.aue1e.internal:443/artifactory/api/npm/npm-okta-master/combined-stream/-/combined-stream-1.0.8.tgz#c3d45a8b34fd730631a110a8a2520682b31d5a7f"
  integrity sha512-FQN4MRfuJeHf7cBbBMJFXhKSDq+2kAArBlmRBvcvFE5BB1HZKXtSFASDhdlz9zOYwxh8lDdnvmMOe/+5cdoEdg==
  dependencies:
    delayed-stream "~1.0.0"

commander@^2.19.0:
  version "2.20.3"
  resolved "https://artifacts.aue1e.internal:443/artifactory/api/npm/npm-okta-master/commander/-/commander-2.20.3.tgz#fd485e84c03eb4881c20722ba48035e8531aeb33"
  integrity sha1-/UhehMA+tIgcIHIrpIA16FMa6zM=

crypt@0.0.2:
  version "0.0.2"
  resolved "https://artifacts.aue1e.internal:443/artifactory/api/npm/npm-okta-master/crypt/-/crypt-0.0.2.tgz#88d7ff7ec0dfb86f713dc87bbb42d044d3e6c41b"
  integrity sha512-mCxBlsHFYh9C+HVpiEacem8FEBnMXgU9gy4zmNC+SXAZNB/1idgp/aulFJ4FgCi7GPEVbfyng092GqL2k2rmow==

delayed-stream@~1.0.0:
  version "1.0.0"
  resolved "https://artifacts.aue1e.internal:443/artifactory/api/npm/npm-okta-master/delayed-stream/-/delayed-stream-1.0.0.tgz#df3ae199acadfb7d440aaae0b29e2272b24ec619"
  integrity sha512-ZySD7Nf91aLB0RxL4KGrKHBXl7Eds1DAmEdcoVawXnLD7SDhpNgtuII2aAkg7a7QS41jxPSZ17p4VdGnMHk3MQ==

digest-fetch@^1.3.0:
  version "1.3.0"
  resolved "https://artifacts.aue1e.internal:443/artifactory/api/npm/npm-okta-master/digest-fetch/-/digest-fetch-1.3.0.tgz#898e69264d00012a23cf26e8a3e40320143fc661"
  integrity sha512-CGJuv6iKNM7QyZlM2T3sPAdZWd/p9zQiRNS9G+9COUCwzWFTs0Xp8NF5iePx7wtvhDykReiRRrSeNb4oMmB8lA==
  dependencies:
    base-64 "^0.1.0"
    md5 "^2.3.0"

dom-serializer@^2.0.0:
  version "2.0.0"
  resolved "https://artifacts.aue1e.internal:443/artifactory/api/npm/npm-okta-master/dom-serializer/-/dom-serializer-2.0.0.tgz#e41b802e1eedf9f6cae183ce5e622d789d7d8e53"
  integrity sha1-5BuALh7t+fbK4YPOXmIteJ19jlM=
  dependencies:
    domelementtype "^2.3.0"
    domhandler "^5.0.2"
    entities "^4.2.0"

domelementtype@^2.3.0:
  version "2.3.0"
  resolved "https://artifacts.aue1e.internal:443/artifactory/api/npm/npm-okta-master/domelementtype/-/domelementtype-2.3.0.tgz#5c45e8e869952626331d7aab326d01daf65d589d"
  integrity sha1-XEXo6GmVJiYzHXqrMm0B2vZdWJ0=

domhandler@^5.0.1, domhandler@^5.0.2:
  version "5.0.3"
  resolved "https://artifacts.aue1e.internal:443/artifactory/api/npm/npm-okta-master/domhandler/-/domhandler-5.0.3.tgz#cc385f7f751f1d1fc650c21374804254538c7d31"
  integrity sha1-zDhff3UfHR/GUMITdIBCVFOMfTE=
  dependencies:
    domelementtype "^2.3.0"

domutils@^3.0.1:
  version "3.0.1"
  resolved "https://artifacts.aue1e.internal:443/artifactory/api/npm/npm-okta-master/domutils/-/domutils-3.0.1.tgz#696b3875238338cb186b6c0612bd4901c89a4f1c"
  integrity sha1-aWs4dSODOMsYa2wGEr1JAciaTxw=
  dependencies:
    dom-serializer "^2.0.0"
    domelementtype "^2.3.0"
    domhandler "^5.0.1"

emoji-regex@^8.0.0:
  version "8.0.0"
  resolved "https://artifacts.aue1e.internal:443/artifactory/api/npm/npm-okta-master/emoji-regex/-/emoji-regex-8.0.0.tgz#e818fd69ce5ccfcb404594f842963bf53164cc37"
  integrity sha1-6Bj9ac5cz8tARZT4QpY79TFkzDc=

entities@^4.2.0, entities@^4.3.0:
  version "4.5.0"
  resolved "https://artifacts.aue1e.internal:443/artifactory/api/npm/npm-okta-master/entities/-/entities-4.5.0.tgz#5d268ea5e7113ec74c4d033b79ea5a35a488fb48"
  integrity sha1-XSaOpecRPsdMTQM7eepaNaSI+0g=

escalade@^3.1.1:
  version "3.1.1"
  resolved "https://artifacts.aue1e.internal:443/artifactory/api/npm/npm-okta-master/escalade/-/escalade-3.1.1.tgz#d8cfdc7000965c5a0174b4a82eaa5c0552742e40"
  integrity sha1-2M/ccACWXFoBdLSoLqpcBVJ0LkA=

escape-unicode@^0.2.0:
  version "0.2.0"
  resolved "https://artifacts.aue1e.internal:443/artifactory/api/npm/npm-okta-master/escape-unicode/-/escape-unicode-0.2.0.tgz#8c33e161a541ba944b75d93f79f15c8a7f419ed9"
  integrity sha1-jDPhYaVBupRLddk/efFcin9Bntk=

event-target-shim@^5.0.0:
  version "5.0.1"
  resolved "https://artifacts.aue1e.internal:443/artifactory/api/npm/npm-okta-master/event-target-shim/-/event-target-shim-5.0.1.tgz#5d4d3ebdf9583d63a5333ce2deb7480ab2b05789"
  integrity sha512-i/2XbnSz/uxRCU6+NdVJgKWDTM427+MqYbkQzD321DuCQJUqOuJKIA0IM2+W2xtYHdKOmZ4dR6fExsd4SXL+WQ==

form-data-encoder@1.7.2:
  version "1.7.2"
  resolved "https://artifacts.aue1e.internal:443/artifactory/api/npm/npm-okta-master/form-data-encoder/-/form-data-encoder-1.7.2.tgz#1f1ae3dccf58ed4690b86d87e4f57c654fbab040"
  integrity sha512-qfqtYan3rxrnCk1VYaA4H+Ms9xdpPqvLZa6xmMgFvhO32x7/3J/ExcTd6qpxM0vH2GdMI+poehyBZvqfMTto8A==

form-data@^4.0.0:
  version "4.0.0"
  resolved "https://artifacts.aue1e.internal:443/artifactory/api/npm/npm-okta-master/form-data/-/form-data-4.0.0.tgz#93919daeaf361ee529584b9b31664dc12c9fa452"
  integrity sha512-ETEklSGi5t0QMZuiXoA/Q6vcnxcLQP5vdugSpuAyi6SVGi2clPPp+xgEhuMaHC+zGgn31Kd235W35f7Hykkaww==
  dependencies:
    asynckit "^0.4.0"
    combined-stream "^1.0.8"
    mime-types "^2.1.12"

formdata-node@^4.3.2:
  version "4.4.1"
  resolved "https://artifacts.aue1e.internal:443/artifactory/api/npm/npm-okta-master/formdata-node/-/formdata-node-4.4.1.tgz#23f6a5cb9cb55315912cbec4ff7b0f59bbd191e2"
  integrity sha512-0iirZp3uVDjVGt9p49aTaqjk84TrglENEDuqfdlZQ1roC9CWlPk6Avf8EEnZNcAqPonwkG35x4n3ww/1THYAeQ==
  dependencies:
    node-domexception "1.0.0"
    web-streams-polyfill "4.0.0-beta.3"

fs-extra@^3.0.1:
  version "3.0.1"
  resolved "https://artifacts.aue1e.internal:443/artifactory/api/npm/npm-okta-master/fs-extra/-/fs-extra-3.0.1.tgz#3794f378c58b342ea7dbbb23095109c4b3b62291"
  integrity sha1-N5TzeMWLNC6n27sjCVEJxLO2IpE=
  dependencies:
    graceful-fs "^4.1.2"
    jsonfile "^3.0.0"
    universalify "^0.1.0"

get-caller-file@^2.0.5:
  version "2.0.5"
  resolved "https://artifacts.aue1e.internal:443/artifactory/api/npm/npm-okta-master/get-caller-file/-/get-caller-file-2.0.5.tgz#4f94412a82db32f36e3b0b9741f8a97feb031f7e"
  integrity sha1-T5RBKoLbMvNuOwuXQfipf+sDH34=

graceful-fs@^4.1.2, graceful-fs@^4.1.6:
  version "4.2.4"
  resolved "https://artifacts.aue1e.internal:443/artifactory/api/npm/npm-okta-master/graceful-fs/-/graceful-fs-4.2.4.tgz#2256bde14d3632958c465ebc96dc467ca07a29fb"
  integrity sha1-Ila94U02MpWMRl68ltxGfKB6Kfs=

htmlparser2@8.0.1:
  version "8.0.1"
  resolved "https://artifacts.aue1e.internal:443/artifactory/api/npm/npm-okta-master/htmlparser2/-/htmlparser2-8.0.1.tgz#abaa985474fcefe269bc761a779b544d7196d010"
  integrity sha1-q6qYVHT87+JpvHYad5tUTXGW0BA=
  dependencies:
    domelementtype "^2.3.0"
    domhandler "^5.0.2"
    domutils "^3.0.1"
    entities "^4.3.0"

humanize-ms@^1.2.1:
  version "1.2.1"
  resolved "https://artifacts.aue1e.internal:443/artifactory/api/npm/npm-okta-master/humanize-ms/-/humanize-ms-1.2.1.tgz#c46e3159a293f6b896da29316d8b6fe8bb79bbed"
  integrity sha512-Fl70vYtsAFb/C06PTS9dZBo7ihau+Tu/DNCk/OyHhea07S+aeMWpFFkUaXRa8fI+ScZbEI8dfSxwY7gxZ9SAVQ==
  dependencies:
    ms "^2.0.0"

intl-messageformat-parser@^1.3.0:
  version "1.8.1"
  resolved "https://artifacts.aue1e.internal:443/artifactory/api/npm/npm-okta-master/intl-messageformat-parser/-/intl-messageformat-parser-1.8.1.tgz#0eb14c5618333be4c95c409457b66c8c33ddcc01"
  integrity sha1-DrFMVhgzO+TJXECUV7ZsjDPdzAE=

intl-messageformat@^9.7.1:
  version "9.13.0"
  resolved "https://artifacts.aue1e.internal:443/artifactory/api/npm/npm-okta-master/intl-messageformat/-/intl-messageformat-9.13.0.tgz#97360b73bd82212e4f6005c712a4a16053165468"
  integrity sha1-lzYLc72CIS5PYAXHEqShYFMWVGg=
  dependencies:
    "@formatjs/ecma402-abstract" "1.11.4"
    "@formatjs/fast-memoize" "1.2.1"
    "@formatjs/icu-messageformat-parser" "2.1.0"
    tslib "^2.1.0"

is-buffer@~1.1.6:
  version "1.1.6"
  resolved "https://artifacts.aue1e.internal:443/artifactory/api/npm/npm-okta-master/is-buffer/-/is-buffer-1.1.6.tgz#efaa2ea9daa0d7ab2ea13a97b2b8ad51fefbe8be"
  integrity sha512-NcdALwpXkTm5Zvvbk7owOUSvVvBKDgKP5/ewfXEznmQFfs4ZRmanOeKBTjRVjka3QFoN6XJ+9F3USqfHqTaU5w==

is-fullwidth-code-point@^3.0.0:
  version "3.0.0"
  resolved "https://artifacts.aue1e.internal:443/artifactory/api/npm/npm-okta-master/is-fullwidth-code-point/-/is-fullwidth-code-point-3.0.0.tgz#f116f8064fe90b3f7844a38997c0b75051269f1d"
  integrity sha1-8Rb4Bk/pCz94RKOJl8C3UFEmnx0=

jsonfile@^3.0.0:
  version "3.0.1"
  resolved "https://artifacts.aue1e.internal:443/artifactory/api/npm/npm-okta-master/jsonfile/-/jsonfile-3.0.1.tgz#a5ecc6f65f53f662c4415c7675a0331d0992ec66"
  integrity sha1-pezG9l9T9mLEQVx2daAzHQmS7GY=
  optionalDependencies:
    graceful-fs "^4.1.6"

md5@^2.3.0:
  version "2.3.0"
  resolved "https://artifacts.aue1e.internal:443/artifactory/api/npm/npm-okta-master/md5/-/md5-2.3.0.tgz#c3da9a6aae3a30b46b7b0c349b87b110dc3bda4f"
  integrity sha512-T1GITYmFaKuO91vxyoQMFETst+O71VUPEU3ze5GNzDm0OWdP8v1ziTaAEPUr/3kLsY3Sftgz242A1SetQiDL7g==
  dependencies:
    charenc "0.0.2"
    crypt "0.0.2"
    is-buffer "~1.1.6"

mime-db@1.52.0:
  version "1.52.0"
  resolved "https://artifacts.aue1e.internal:443/artifactory/api/npm/npm-okta-master/mime-db/-/mime-db-1.52.0.tgz#bbabcdc02859f4987301c856e3387ce5ec43bf70"
  integrity sha512-sPU4uV7dYlvtWJxwwxHD0PuihVNiE7TyAbQ5SWxDCB9mUYvOgroQOwYQQOKPJ8CIbE+1ETVlOoK1UC2nU3gYvg==

mime-types@^2.1.12:
  version "2.1.35"
  resolved "https://artifacts.aue1e.internal:443/artifactory/api/npm/npm-okta-master/mime-types/-/mime-types-2.1.35.tgz#381a871b62a734450660ae3deee44813f70d959a"
  integrity sha512-ZDY+bPm5zTTF+YpCrAU9nK0UgICYPT0QtT1NZWFv4s++TNkcgVaT0g6+4R2uI4MjQjzysHB1zxuWL50hzaeXiw==
  dependencies:
    mime-db "1.52.0"

ms@^2.0.0:
  version "2.1.3"
  resolved "https://artifacts.aue1e.internal:443/artifactory/api/npm/npm-okta-master/ms/-/ms-2.1.3.tgz#574c8138ce1d2b5861f0b44579dbadd60c6615b2"
  integrity sha512-6FlzubTLZG3J2a/NVCAleEhjzq5oxgHyaCU9yYXvcLsvoVaHJq/s5xXI6/XXP6tz7R9xAOtHnSO/tXtF3WRTlA==

node-domexception@1.0.0:
  version "1.0.0"
  resolved "https://artifacts.aue1e.internal:443/artifactory/api/npm/npm-okta-master/node-domexception/-/node-domexception-1.0.0.tgz#6888db46a1f71c0b76b3f7555016b63fe64766e5"
  integrity sha512-/jKZoMpw0F8GRwl4/eLROPA3cfcXtLApP0QzLmUT/HuPCZWyB7IY9ZrMeKw2O/nFIqPQB3PVM9aYm0F312AXDQ==

node-fetch@^2.6.7:
  version "2.7.0"
  resolved "https://artifacts.aue1e.internal:443/artifactory/api/npm/npm-okta-master/node-fetch/-/node-fetch-2.7.0.tgz#d0f0fa6e3e2dc1d27efcd8ad99d550bda94d187d"
  integrity sha512-c4FRfUm/dbcWZ7U+1Wq0AwCyFL+3nt2bEw05wfxSz+DWpWsitgmSgYmy2dQdWyKC1694ELPqMs/YzUSNozLt8A==
  dependencies:
    whatwg-url "^5.0.0"

node-native2ascii@^0.2.0:
  version "0.2.0"
  resolved "https://artifacts.aue1e.internal:443/artifactory/api/npm/npm-okta-master/node-native2ascii/-/node-native2ascii-0.2.0.tgz#3602339db320bd87c50e9e06f16511759b165c67"
  integrity sha1-NgIznbMgvYfFDp4G8WURdZsWXGc=
  dependencies:
    commander "^2.19.0"
    escape-unicode "^0.2.0"
    unescape-unicode "^0.2.0"

openai@^4.12.3:
  version "4.12.3"
  resolved "https://artifacts.aue1e.internal:443/artifactory/api/npm/npm-okta-master/openai/-/openai-4.12.3.tgz#4a0e624812b672e5e3aeeb1232d682af5ab4623c"
  integrity sha512-Kw8M8qioKg+iw2tCpdJ1G772uV0tk4SRF1MtySYSPr82YH+Csl61kYv2KzKAOqINcOVn5eSN26t0ImIsdJexfw==
  dependencies:
    "@types/node" "^18.11.18"
    "@types/node-fetch" "^2.6.4"
    abort-controller "^3.0.0"
    agentkeepalive "^4.2.1"
    digest-fetch "^1.3.0"
    form-data-encoder "1.7.2"
    formdata-node "^4.3.2"
    node-fetch "^2.6.7"
    web-streams-polyfill "^3.2.1"

properties@^1.2.1:
  version "1.2.1"
  resolved "https://artifacts.aue1e.internal:443/artifactory/api/npm/npm-okta-master/properties/-/properties-1.2.1.tgz#0ee97a7fc020b1a2a55b8659eda4aa8d869094bd"
  integrity sha1-Dul6f8AgsaKlW4ZZ7aSqjYaQlL0=

require-directory@^2.1.1:
  version "2.1.1"
  resolved "https://artifacts.aue1e.internal:443/artifactory/api/npm/npm-okta-master/require-directory/-/require-directory-2.1.1.tgz#8c64ad5fd30dab1c976e2344ffe7f792a6a6df42"
  integrity sha1-jGStX9MNqxyXbiNE/+f3kqam30I=

string-width@^4.1.0, string-width@^4.2.0, string-width@^4.2.3:
  version "4.2.3"
  resolved "https://artifacts.aue1e.internal:443/artifactory/api/npm/npm-okta-master/string-width/-/string-width-4.2.3.tgz#269c7117d27b05ad2e536830a8ec895ef9c6d010"
  integrity sha1-JpxxF9J7Ba0uU2gwqOyJXvnG0BA=
  dependencies:
    emoji-regex "^8.0.0"
    is-fullwidth-code-point "^3.0.0"
    strip-ansi "^6.0.1"

strip-ansi@^6.0.0, strip-ansi@^6.0.1:
  version "6.0.1"
  resolved "https://artifacts.aue1e.internal:443/artifactory/api/npm/npm-okta-master/strip-ansi/-/strip-ansi-6.0.1.tgz#9e26c63d30f53443e9489495b2105d37b67a85d9"
  integrity sha1-nibGPTD1NEPpSJSVshBdN7Z6hdk=
  dependencies:
    ansi-regex "^5.0.1"

tr46@~0.0.3:
  version "0.0.3"
  resolved "https://artifacts.aue1e.internal:443/artifactory/api/npm/npm-okta-master/tr46/-/tr46-0.0.3.tgz#8184fd347dac9cdc185992f3a6622e14b9d9ab6a"
  integrity sha512-N3WMsuqV66lT30CrXNbEjx4GEwlow3v6rr4mCcv6prnfwhS01rkgyFdjPNBYd9br7LpXV1+Emh01fHnq2Gdgrw==

tslib@^2.1.0:
  version "2.5.0"
  resolved "https://artifacts.aue1e.internal:443/artifactory/api/npm/npm-okta-master/tslib/-/tslib-2.5.0.tgz#42bfed86f5787aeb41d031866c8f402429e0fddf"
  integrity sha1-Qr/thvV4eutB0DGGbI9AJCng/d8=

undici-types@~5.25.1:
  version "5.25.3"
  resolved "https://artifacts.aue1e.internal:443/artifactory/api/npm/npm-okta-master/undici-types/-/undici-types-5.25.3.tgz#e044115914c85f0bcbb229f346ab739f064998c3"
  integrity sha512-Ga1jfYwRn7+cP9v8auvEXN1rX3sWqlayd4HP7OKk4mZWylEmu3KzXDUGrQUN6Ol7qo1gPvB2e5gX6udnyEPgdA==

unescape-unicode@^0.2.0:
  version "0.2.0"
  resolved "https://artifacts.aue1e.internal:443/artifactory/api/npm/npm-okta-master/unescape-unicode/-/unescape-unicode-0.2.0.tgz#e70c8c99171d3ed6e4f08c220d3ac09b4639b07d"
  integrity sha1-5wyMmRcdPtbk8IwiDTrAm0Y5sH0=

universalify@^0.1.0:
  version "0.1.2"
  resolved "https://artifacts.aue1e.internal:443/artifactory/api/npm/npm-okta-master/universalify/-/universalify-0.1.2.tgz#b646f69be3942dabcecc9d6639c80dc105efaa66"
  integrity sha1-tkb2m+OULavOzJ1mOcgNwQXvqmY=

web-streams-polyfill@4.0.0-beta.3:
  version "4.0.0-beta.3"
  resolved "https://artifacts.aue1e.internal:443/artifactory/api/npm/npm-okta-master/web-streams-polyfill/-/web-streams-polyfill-4.0.0-beta.3.tgz#2898486b74f5156095e473efe989dcf185047a38"
  integrity sha512-QW95TCTaHmsYfHDybGMwO5IJIM93I/6vTRk+daHTWFPhwh+C8Cg7j7XyKrwrj8Ib6vYXe0ocYNrmzY4xAAN6ug==

web-streams-polyfill@^3.2.1:
  version "3.2.1"
  resolved "https://artifacts.aue1e.internal:443/artifactory/api/npm/npm-okta-master/web-streams-polyfill/-/web-streams-polyfill-3.2.1.tgz#71c2718c52b45fd49dbeee88634b3a60ceab42a6"
  integrity sha512-e0MO3wdXWKrLbL0DgGnUV7WHVuw9OUvL4hjgnPkIeEvESk74gAITi5G606JtZPp39cd8HA9VQzCIvA49LpPN5Q==

webidl-conversions@^3.0.0:
  version "3.0.1"
  resolved "https://artifacts.aue1e.internal:443/artifactory/api/npm/npm-okta-master/webidl-conversions/-/webidl-conversions-3.0.1.tgz#24534275e2a7bc6be7bc86611cc16ae0a5654871"
  integrity sha512-2JAn3z8AR6rjK8Sm8orRC0h/bcl/DqL7tRPdGZ4I1CjdF+EaMLmYxBHyXuKL849eucPFhvBoxMsflfOb8kxaeQ==

whatwg-url@^5.0.0:
  version "5.0.0"
  resolved "https://artifacts.aue1e.internal:443/artifactory/api/npm/npm-okta-master/whatwg-url/-/whatwg-url-5.0.0.tgz#966454e8765462e37644d3626f6742ce8b70965d"
  integrity sha512-saE57nupxk6v3HY35+jzBwYa0rKSy0XR8JSxZPwgLr7ys0IBzhGviA1/TUGJLmSVqs8pb9AnvICXEuOHLprYTw==
  dependencies:
    tr46 "~0.0.3"
    webidl-conversions "^3.0.0"

wrap-ansi@^7.0.0:
  version "7.0.0"
  resolved "https://artifacts.aue1e.internal:443/artifactory/api/npm/npm-okta-master/wrap-ansi/-/wrap-ansi-7.0.0.tgz#67e145cff510a6a6984bdf1152911d69d2eb9e43"
  integrity sha1-Z+FFz/UQpqaYS98RUpEdadLrnkM=
  dependencies:
    ansi-styles "^4.0.0"
    string-width "^4.1.0"
    strip-ansi "^6.0.0"

y18n@^5.0.5:
  version "5.0.8"
  resolved "https://artifacts.aue1e.internal:443/artifactory/api/npm/npm-okta-master/y18n/-/y18n-5.0.8.tgz#7f4934d0f7ca8c56f95314939ddcd2dd91ce1d55"
  integrity sha1-f0k00PfKjFb5UxSTndzS3ZHOHVU=

yargs-parser@^21.1.1:
  version "21.1.1"
  resolved "https://artifacts.aue1e.internal:443/artifactory/api/npm/npm-okta-master/yargs-parser/-/yargs-parser-21.1.1.tgz#9096bceebf990d21bb31fa9516e0ede294a77d35"
  integrity sha1-kJa87r+ZDSG7MfqVFuDt4pSnfTU=

yargs@^17.1.0:
  version "17.7.1"
  resolved "https://artifacts.aue1e.internal:443/artifactory/api/npm/npm-okta-master/yargs/-/yargs-17.7.1.tgz#34a77645201d1a8fc5213ace787c220eabbd0967"
  integrity sha1-NKd2RSAdGo/FITrOeHwiDqu9CWc=
  dependencies:
    cliui "^8.0.1"
    escalade "^3.1.1"
    get-caller-file "^2.0.5"
    require-directory "^2.1.1"
    string-width "^4.2.3"
    y18n "^5.0.5"
    yargs-parser "^21.1.1"
