{
  "name": "@okta/okta-signin-widget",
  "version": "1.3.2",
  "dependencies": {
    "@okta/i18n": {
      "version": "1.11.0"
    },
    "@okta/install-with-shrinkwrap": {
      "version": "1.2.0",
      "dependencies": {
        "ansi-regex": {
          "version": "2.0.0"
        },
        "camelcase": {
          "version": "3.0.0"
        },
        "cliui": {
          "version": "3.2.0"
        },
        "glob": {
          "version": "7.0.3"
        },
        "lodash": {
          "version": "4.13.1"
        },
        "minimatch": {
          "version": "3.0.0"
        },
        "rimraf": {
          "version": "2.5.2"
        },
        "strip-ansi": {
          "version": "3.0.1"
        },
        "window-size": {
          "version": "0.2.0"
        },
        "yargs": {
          "version": "4.7.1"
        }
      }
    },
    "abbrev": {
      "version": "1.0.7"
    },
    "accepts": {
      "version": "1.2.13"
    },
    "align-text": {
      "version": "0.1.4"
    },
    "amdefine": {
      "version": "1.0.0"
    },
    "ansi-regex": {
      "version": "0.2.1"
    },
    "ansi-styles": {
      "version": "1.1.0"
    },
    "app-root-path": {
      "version": "1.0.0"
    },
    "argparse": {
      "version": "0.1.16",
      "dependencies": {
        "underscore.string": {
          "version": "2.4.0"
        }
      }
    },
    "array-find-index": {
      "version": "1.0.1"
    },
    "array-uniq": {
      "version": "1.0.2"
    },
    "asap": {
      "version": "2.0.3"
    },
    "asn1": {
      "version": "0.2.3"
    },
    "assert-plus": {
      "version": "0.2.0"
    },
    "async": {
      "version": "0.1.22"
    },
    "aws-sign2": {
      "version": "0.6.0"
    },
    "balanced-match": {
      "version": "0.4.1"
    },
    "basic-auth": {
      "version": "1.0.4"
    },
    "batch": {
      "version": "0.5.3"
    },
    "bin-version": {
      "version": "1.0.4"
    },
    "bin-version-check": {
      "version": "2.1.0",
      "dependencies": {
        "semver": {
          "version": "4.3.6"
        }
      }
    },
    "bl": {
      "version": "1.0.3"
    },
    "bluebird": {
      "version": "2.10.2"
    },
    "boom": {
      "version": "2.10.1"
    },
    "brace-expansion": {
      "version": "1.1.4"
    },
    "builtin-modules": {
      "version": "1.1.1"
    },
    "camelcase": {
      "version": "2.1.1"
    },
    "camelcase-keys": {
      "version": "2.1.0"
    },
    "caseless": {
      "version": "0.11.0"
    },
    "center-align": {
      "version": "0.1.3"
    },
    "chalk": {
      "version": "0.5.1"
    },
    "cli": {
      "version": "0.6.6",
      "dependencies": {
        "glob": {
          "version": "3.2.11"
        },
        "minimatch": {
          "version": "0.3.0"
        }
      }
    },
    "cliui": {
      "version": "2.1.0",
      "dependencies": {
        "wordwrap": {
          "version": "0.0.2"
        }
      }
    },
    "code-point-at": {
      "version": "1.0.0"
    },
    "coffee-script": {
      "version": "1.3.3"
    },
    "colors": {
      "version": "0.6.2"
    },
    "combined-stream": {
      "version": "1.0.5"
    },
    "commander": {
      "version": "2.9.0"
    },
    "concat-map": {
      "version": "0.0.1"
    },
    "concat-stream": {
      "version": "1.5.0"
    },
    "connect": {
      "version": "3.4.1"
    },
    "connect-livereload": {
      "version": "0.5.4"
    },
    "console-browserify": {
      "version": "1.1.0"
    },
    "core-util-is": {
      "version": "1.0.2"
    },
    "cryptiles": {
      "version": "2.0.5"
    },
    "cycle": {
      "version": "1.0.3"
    },
    "dargs": {
      "version": "2.1.0"
    },
    "dashdash": {
      "version": "1.13.1",
      "dependencies": {
        "assert-plus": {
          "version": "1.0.0"
        }
      }
    },
    "date-now": {
      "version": "0.1.4"
    },
    "dateformat": {
      "version": "1.0.2-1.2.3"
    },
    "debug": {
      "version": "2.2.0"
    },
    "debuglog": {
      "version": "1.0.1"
    },
    "decamelize": {
      "version": "1.2.0"
    },
    "delayed-stream": {
      "version": "1.0.0"
    },
    "depd": {
      "version": "1.1.0"
    },
    "destroy": {
      "version": "1.0.4"
    },
    "dezalgo": {
      "version": "1.0.3"
    },
    "dom-serializer": {
      "version": "0.1.0",
      "dependencies": {
        "domelementtype": {
          "version": "1.1.3"
        },
        "entities": {
          "version": "1.1.1"
        }
      }
    },
    "domelementtype": {
      "version": "1.3.0"
    },
    "domhandler": {
      "version": "2.3.0"
    },
    "domutils": {
      "version": "1.5.1"
    },
    "ecc-jsbn": {
      "version": "0.1.1"
    },
    "ee-first": {
      "version": "1.1.1"
    },
    "entities": {
      "version": "1.0.0"
    },
    "error-ex": {
      "version": "1.3.0"
    },
    "es5-shim": {
      "version": "4.5.8"
    },
    "escape-html": {
      "version": "1.0.3"
    },
    "escape-string-regexp": {
      "version": "1.0.5"
    },
    "esprima": {
      "version": "1.0.4"
    },
    "etag": {
      "version": "1.7.0"
    },
    "eventemitter2": {
      "version": "0.4.14"
    },
    "exit": {
      "version": "0.1.2"
    },
    "extend": {
      "version": "3.0.0"
    },
    "extract-zip": {
      "version": "1.5.0",
      "dependencies": {
        "debug": {
          "version": "0.7.4"
        }
      }
    },
    "extsprintf": {
      "version": "1.0.2"
    },
    "eyes": {
      "version": "0.1.8"
    },
    "fd-slicer": {
      "version": "1.0.1"
    },
    "file-sync-cmp": {
      "version": "0.1.1"
    },
    "finalhandler": {
      "version": "0.4.1"
    },
    "find-up": {
      "version": "1.1.2"
    },
    "find-versions": {
      "version": "1.2.1"
    },
    "findup-sync": {
      "version": "0.1.3",
      "dependencies": {
        "glob": {
          "version": "3.2.11"
        },
        "lodash": {
          "version": "2.4.2"
        },
        "minimatch": {
          "version": "0.3.0"
        }
      }
    },
    "forever-agent": {
      "version": "0.6.1"
    },
    "form-data": {
      "version": "1.0.0-rc4",
      "dependencies": {
        "async": {
          "version": "1.5.2"
        }
      }
    },
    "fresh": {
      "version": "0.3.0"
    },
    "fs-extra": {
      "version": "0.26.7"
    },
    "generate-function": {
      "version": "2.0.0"
    },
    "generate-object-property": {
      "version": "1.2.0"
    },
    "get-stdin": {
      "version": "4.0.1"
    },
    "getobject": {
      "version": "0.1.0"
    },
    "getpass": {
      "version": "0.1.6",
      "dependencies": {
        "assert-plus": {
          "version": "1.0.0"
        }
      }
    },
    "git-rev-sync": {
      "version": "1.4.0"
    },
    "github-url-from-git": {
      "version": "1.4.0"
    },
    "github-url-from-username-repo": {
      "version": "1.0.2"
    },
    "glob": {
      "version": "3.1.21",
      "dependencies": {
        "graceful-fs": {
          "version": "1.2.3"
        },
        "inherits": {
          "version": "1.0.2"
        }
      }
    },
    "graceful-fs": {
      "version": "4.1.2"
    },
    "graceful-readlink": {
      "version": "1.0.1"
    },
    "grunt": {
      "version": "0.4.5",
      "dependencies": {
        "lodash": {
          "version": "0.9.2"
        }
      }
    },
    "grunt-cli": {
      "version": "0.1.13"
    },
    "grunt-contrib-compass": {
      "version": "1.0.3",
      "dependencies": {
        "async": {
          "version": "0.9.2"
        }
      }
    },
    "grunt-contrib-connect": {
      "version": "0.11.2",
      "dependencies": {
        "async": {
          "version": "0.9.2"
        }
      }
    },
    "grunt-contrib-copy": {
      "version": "0.8.0"
    },
    "grunt-contrib-jasmine": {
      "version": "0.9.2",
      "dependencies": {
        "ansi-regex": {
          "version": "2.0.0"
        },
        "ansi-styles": {
          "version": "2.2.1"
        },
        "chalk": {
          "version": "1.1.3"
        },
        "has-ansi": {
          "version": "2.0.0"
        },
        "lodash": {
          "version": "2.4.2"
        },
        "strip-ansi": {
          "version": "3.0.1"
        },
        "supports-color": {
          "version": "2.0.0"
        }
      }
    },
    "grunt-contrib-jshint": {
      "version": "0.11.2"
    },
    "grunt-contrib-requirejs": {
      "version": "0.4.4"
    },
    "grunt-exec": {
      "version": "0.4.6"
    },
    "grunt-json-generator": {
      "version": "0.1.0"
    },
    "grunt-legacy-log": {
      "version": "0.1.3",
      "dependencies": {
        "lodash": {
          "version": "2.4.2"
        },
        "underscore.string": {
          "version": "2.3.3"
        }
      }
    },
    "grunt-legacy-log-utils": {
      "version": "0.1.1",
      "dependencies": {
        "lodash": {
          "version": "2.4.2"
        },
        "underscore.string": {
          "version": "2.3.3"
        }
      }
    },
    "grunt-legacy-util": {
      "version": "0.2.0",
      "dependencies": {
        "lodash": {
          "version": "0.9.2"
        }
      }
    },
    "grunt-lib-phantomjs": {
      "version": "0.7.1",
      "dependencies": {
        "semver": {
          "version": "4.3.6"
        }
      }
    },
    "grunt-rename": {
      "version": "0.1.4"
    },
    "grunt-retire": {
      "version": "0.3.12",
      "dependencies": {
        "async": {
          "version": "1.5.2"
        }
      }
    },
    "grunt-template-jasmine-requirejs": {
      "version": "0.2.3"
    },
    "handlebars": {
      "version": "4.0.5",
      "dependencies": {
        "async": {
          "version": "1.5.2"
        }
      }
    },
    "har-validator": {
      "version": "2.0.6",
      "dependencies": {
        "ansi-regex": {
          "version": "2.0.0"
        },
        "ansi-styles": {
          "version": "2.2.1"
        },
        "chalk": {
          "version": "1.1.3"
        },
        "has-ansi": {
          "version": "2.0.0"
        },
        "strip-ansi": {
          "version": "3.0.1"
        },
        "supports-color": {
          "version": "2.0.0"
        }
      }
    },
    "has-ansi": {
      "version": "0.1.0"
    },
    "hasha": {
      "version": "2.2.0"
    },
    "hawk": {
      "version": "3.1.3"
    },
    "hoek": {
      "version": "2.16.3"
    },
    "hooker": {
      "version": "0.2.3"
    },
    "hosted-git-info": {
      "version": "2.1.5"
    },
    "htmlparser2": {
      "version": "3.8.3",
      "dependencies": {
        "isarray": {
          "version": "0.0.1"
        },
        "readable-stream": {
          "version": "1.1.14"
        }
      }
    },
    "http-errors": {
      "version": "1.3.1"
    },
    "http-signature": {
      "version": "1.1.1"
    },
    "iconv-lite": {
      "version": "0.2.11"
    },
    "indent-string": {
      "version": "2.1.0"
    },
    "inflight": {
      "version": "1.0.5"
    },
    "inherits": {
      "version": "2.0.1"
    },
    "invert-kv": {
      "version": "1.0.0"
    },
    "is-absolute": {
      "version": "0.1.7"
    },
    "is-arrayish": {
      "version": "0.2.1"
    },
    "is-buffer": {
      "version": "1.1.3"
    },
    "is-builtin-module": {
      "version": "1.0.0"
    },
    "is-finite": {
      "version": "1.0.1"
    },
    "is-fullwidth-code-point": {
      "version": "1.0.0"
    },
    "is-my-json-valid": {
      "version": "2.13.1"
    },
    "is-plain-obj": {
      "version": "1.1.0"
    },
    "is-property": {
      "version": "1.0.2"
    },
    "is-relative": {
      "version": "0.1.3"
    },
    "is-stream": {
      "version": "1.1.0"
    },
    "is-typedarray": {
      "version": "1.0.0"
    },
    "is-utf8": {
      "version": "0.2.1"
    },
    "isarray": {
      "version": "1.0.0"
    },
    "isexe": {
      "version": "1.1.2"
    },
    "isstream": {
      "version": "0.1.2"
    },
    "jasmine-core": {
      "version": "2.4.1"
    },
    "jju": {
      "version": "1.3.0"
    },
    "jodid25519": {
      "version": "1.0.2"
    },
    "js-yaml": {
      "version": "2.0.5"
    },
    "jsbn": {
      "version": "0.1.0"
    },
    "jshint": {
      "version": "2.9.2",
      "dependencies": {
        "lodash": {
          "version": "3.7.0"
        },
        "minimatch": {
          "version": "2.0.10"
        },
        "shelljs": {
          "version": "0.3.0"
        }
      }
    },
    "json-parse-helpfulerror": {
      "version": "1.0.3"
    },
    "json-schema": {
      "version": "0.2.2"
    },
    "json-stringify-safe": {
      "version": "5.0.1"
    },
    "jsonfile": {
      "version": "2.3.1"
    },
    "jsonpointer": {
      "version": "2.0.0"
    },
    "jsprim": {
      "version": "1.2.2"
    },
    "kew": {
      "version": "0.7.0"
    },
    "kind-of": {
      "version": "3.0.3"
    },
    "klaw": {
      "version": "1.2.0"
    },
    "lazy-cache": {
      "version": "1.0.4"
    },
    "lcid": {
      "version": "1.0.0"
    },
    "load-json-file": {
      "version": "1.1.0"
    },
    "lodash": {
      "version": "4.1.0"
    },
    "lodash.assign": {
      "version": "4.0.9"
    },
    "lodash.keys": {
      "version": "4.0.7"
    },
    "lodash.rest": {
      "version": "4.0.3"
    },
    "longest": {
      "version": "1.0.1"
    },
    "loud-rejection": {
      "version": "1.3.0"
    },
    "lru-cache": {
      "version": "2.7.3"
    },
    "map-obj": {
      "version": "1.0.1"
    },
    "meow": {
      "version": "3.7.0"
    },
    "mime": {
      "version": "1.3.4"
    },
    "mime-db": {
      "version": "1.23.0"
    },
    "mime-types": {
      "version": "2.1.11"
    },
    "minimatch": {
      "version": "0.2.14"
    },
    "minimist": {
      "version": "1.2.0"
    },
    "mkdirp": {
      "version": "0.5.0",
      "dependencies": {
        "minimist": {
          "version": "0.0.8"
        }
      }
    },
    "moment": {
      "version": "2.12.0"
    },
    "morgan": {
      "version": "1.7.0"
    },
    "ms": {
      "version": "0.7.1"
    },
    "negotiator": {
      "version": "0.5.3"
    },
    "node-uuid": {
      "version": "1.4.7"
    },
    "nopt": {
      "version": "1.0.10"
    },
    "normalize-package-data": {
      "version": "2.3.5"
    },
    "normalize-url": {
      "version": "1.4.1"
    },
    "number-is-nan": {
      "version": "1.0.0"
    },
    "oauth-sign": {
      "version": "0.8.2"
    },
    "object-assign": {
      "version": "4.1.0"
    },
    "on-finished": {
      "version": "2.3.0"
    },
    "on-headers": {
      "version": "1.0.1"
    },
    "once": {
      "version": "1.3.3"
    },
    "onetime": {
      "version": "1.1.0"
    },
    "open": {
      "version": "0.0.5"
    },
    "opn": {
      "version": "1.0.2"
    },
    "optimist": {
      "version": "0.6.1",
      "dependencies": {
        "minimist": {
          "version": "0.0.10"
        }
      }
    },
    "os-locale": {
      "version": "1.4.0"
    },
    "package": {
      "version": "1.0.1"
    },
    "parse-json": {
      "version": "2.2.0"
    },
    "parseurl": {
      "version": "1.3.1"
    },
    "path-exists": {
      "version": "2.1.0"
    },
    "path-is-absolute": {
      "version": "1.0.0"
    },
    "path-type": {
      "version": "1.1.0"
    },
    "pend": {
      "version": "1.2.0"
    },
    "phantomjs": {
      "version": "1.9.20",
      "dependencies": {
        "which": {
          "version": "1.2.8"
        }
      }
    },
    "pify": {
      "version": "2.3.0"
    },
    "pinkie": {
      "version": "2.0.4"
    },
    "pinkie-promise": {
      "version": "2.0.1"
    },
    "pkg-conf": {
      "version": "1.1.3"
    },
    "pkginfo": {
      "version": "0.3.1"
    },
    "portscanner": {
      "version": "1.0.0",
      "dependencies": {
        "async": {
          "version": "0.1.15"
        }
      }
    },
    "prepend-http": {
      "version": "1.0.4"
    },
    "process-nextick-args": {
      "version": "1.0.7"
    },
    "progress": {
      "version": "1.1.8"
    },
    "qs": {
      "version": "5.2.0"
    },
    "query-string": {
      "version": "3.0.3"
    },
    "range-parser": {
      "version": "1.0.3"
    },
    "read-installed": {
      "version": "3.1.5",
      "dependencies": {
        "graceful-fs": {
          "version": "3.0.8"
        },
        "semver": {
          "version": "4.3.6"
        }
      }
    },
    "read-package-json": {
      "version": "1.3.3",
      "dependencies": {
        "glob": {
          "version": "5.0.15"
        },
        "graceful-fs": {
          "version": "3.0.8"
        },
        "minimatch": {
          "version": "3.0.0"
        },
        "normalize-package-data": {
          "version": "1.0.3"
        },
        "semver": {
          "version": "4.3.6"
        }
      }
    },
    "read-pkg": {
      "version": "1.1.0"
    },
    "read-pkg-up": {
      "version": "1.0.1"
    },
    "readable-stream": {
      "version": "2.0.6"
    },
    "readdir-scoped-modules": {
      "version": "1.0.2"
    },
    "redent": {
      "version": "1.0.0"
    },
    "repeat-string": {
      "version": "1.5.4"
    },
    "repeating": {
      "version": "2.0.1"
    },
    "request": {
      "version": "2.67.0"
    },
    "request-progress": {
      "version": "2.0.1"
    },
    "request-promise": {
      "version": "2.0.0",
      "dependencies": {
        "lodash": {
          "version": "3.10.1"
        }
      }
    },
    "require-main-filename": {
      "version": "1.0.1"
    },
    "requirejs": {
      "version": "2.1.22"
    },
    "resolve": {
      "version": "0.3.1"
    },
    "retire": {
      "version": "1.1.4",
      "dependencies": {
        "commander": {
          "version": "2.5.1"
        }
      }
    },
    "right-align": {
      "version": "0.1.3"
    },
    "rimraf": {
      "version": "2.2.8"
    },
    "semver": {
      "version": "5.1.0"
    },
    "semver-regex": {
      "version": "1.0.0"
    },
    "semver-truncate": {
      "version": "1.1.0"
    },
    "send": {
      "version": "0.13.1",
      "dependencies": {
        "statuses": {
          "version": "1.2.1"
        }
      }
    },
    "serve-index": {
      "version": "1.7.3"
    },
    "serve-static": {
      "version": "1.10.2"
    },
    "set-blocking": {
      "version": "1.0.0"
    },
    "shelljs": {
      "version": "0.5.1"
    },
    "sigmund": {
      "version": "1.0.1"
    },
    "signal-exit": {
      "version": "2.1.2"
    },
    "slide": {
      "version": "1.1.6"
    },
    "sntp": {
      "version": "1.0.9"
    },
    "sort-keys": {
      "version": "1.1.2"
    },
    "source-map": {
      "version": "0.4.4"
    },
    "spdx-correct": {
      "version": "1.0.2"
    },
    "spdx-exceptions": {
      "version": "1.0.4"
    },
    "spdx-expression-parse": {
      "version": "1.0.2"
    },
    "spdx-license-ids": {
      "version": "1.2.1"
    },
    "sshpk": {
      "version": "1.8.3",
      "dependencies": {
        "assert-plus": {
          "version": "1.0.0"
        }
      }
    },
    "stack-trace": {
      "version": "0.0.9"
    },
    "statuses": {
      "version": "1.3.0"
    },
    "strict-uri-encode": {
      "version": "1.1.0"
    },
    "string_decoder": {
      "version": "0.10.31"
    },
    "string-width": {
      "version": "1.0.1",
      "dependencies": {
        "ansi-regex": {
          "version": "2.0.0"
        },
        "strip-ansi": {
          "version": "3.0.1"
        }
      }
    },
    "stringstream": {
      "version": "0.0.5"
    },
    "strip-ansi": {
      "version": "0.3.0"
    },
    "strip-bom": {
      "version": "2.0.0"
    },
    "strip-indent": {
      "version": "1.0.1"
    },
    "strip-json-comments": {
      "version": "1.0.4"
    },
    "supports-color": {
      "version": "0.2.0"
    },
    "symbol": {
      "version": "0.2.3"
    },
    "temporary": {
      "version": "0.0.8"
    },
    "throttleit": {
      "version": "1.0.0"
    },
    "tmp": {
      "version": "0.0.24"
    },
    "tough-cookie": {
      "version": "2.2.2"
    },
    "trim-newlines": {
      "version": "1.0.0"
    },
    "tunnel-agent": {
      "version": "0.4.3"
    },
    "tweetnacl": {
      "version": "0.13.3"
    },
    "typedarray": {
      "version": "0.0.6"
    },
    "uglify-js": {
      "version": "2.6.2",
      "dependencies": {
        "async": {
          "version": "0.2.10"
        },
        "source-map": {
          "version": "0.5.6"
        }
      }
    },
    "uglify-to-browserify": {
      "version": "1.0.2"
    },
    "underscore": {
      "version": "1.7.0"
    },
    "underscore.string": {
      "version": "2.2.1"
    },
    "unpipe": {
      "version": "1.0.0"
    },
    "util-deprecate": {
      "version": "1.0.2"
    },
    "util-extend": {
      "version": "1.0.3"
    },
    "utils-merge": {
      "version": "1.0.0"
    },
    "validate-npm-package-license": {
      "version": "3.0.1"
    },
    "verror": {
      "version": "1.3.6"
    },
    "walkdir": {
      "version": "0.0.7"
    },
    "which": {
      "version": "1.0.9"
    },
    "window-size": {
      "version": "0.1.0"
    },
    "winston": {
      "version": "2.2.0",
      "dependencies": {
        "async": {
          "version": "1.0.0"
        },
        "colors": {
          "version": "1.0.3"
        }
      }
    },
    "wordwrap": {
      "version": "0.0.3"
    },
    "wrap-ansi": {
      "version": "2.0.0"
    },
    "wrappy": {
      "version": "1.0.2"
    },
    "xtend": {
      "version": "4.0.1"
    },
    "y18n": {
      "version": "3.2.1"
    },
    "yargs": {
      "version": "3.10.0",
      "dependencies": {
        "camelcase": {
          "version": "1.2.1"
        }
      }
    },
    "yargs-parser": {
      "version": "2.4.0"
    },
    "yauzl": {
      "version": "2.4.1"
    }
  }
}
