{
  "name": "@okta/okta-signin-widget",
  "version": "1.8.0",
  "dependencies": {
    "@okta/courage": {
      "version": "1.3.0-beta.30"
    },
    "@okta/okta-auth-js": {
      "version": "1.6.0"
    },
    "@okta/i18n": {
      "version": "19.76.0"
    },
    "abbrev": {
      "version": "1.0.9"
    },
    "accepts": {
      "version": "1.3.3"
    },
    "acorn": {
      "version": "3.3.0"
    },
    "adm-zip": {
      "version": "0.4.7"
    },
    "agent-base": {
      "version": "2.0.1",
      "dependencies": {
        "semver": {
          "version": "5.0.3"
        }
      }
    },
    "align-text": {
      "version": "0.1.4"
    },
    "amdefine": {
      "version": "1.0.0"
    },
    "ansi-regex": {
      "version": "2.0.0"
    },
    "ansi-styles": {
      "version": "1.1.0"
    },
    "anymatch": {
      "version": "1.3.0"
    },
    "app-root-path": {
      "version": "1.0.0"
    },
    "argparse": {
      "version": "0.1.16",
      "dependencies": {
        "underscore": {
          "version": "1.7.0"
        },
        "underscore.string": {
          "version": "2.4.0"
        }
      }
    },
    "arr-diff": {
      "version": "2.0.0"
    },
    "arr-flatten": {
      "version": "1.0.1"
    },
    "array-find-index": {
      "version": "1.0.2"
    },
    "array-union": {
      "version": "1.0.2"
    },
    "array-uniq": {
      "version": "1.0.3"
    },
    "array-unique": {
      "version": "0.2.1"
    },
    "arrify": {
      "version": "1.0.1"
    },
    "asap": {
      "version": "2.0.5"
    },
    "asn1": {
      "version": "0.2.3"
    },
    "assert": {
      "version": "1.4.1"
    },
    "assert-plus": {
      "version": "0.2.0"
    },
    "async": {
      "version": "1.0.0"
    },
    "async-each": {
      "version": "1.0.1"
    },
    "asynckit": {
      "version": "0.4.0"
    },
    "aws-sign2": {
      "version": "0.6.0"
    },
    "aws4": {
      "version": "1.4.1"
    },
    "axe-core": {
      "version": "2.0.7"
    },
    "axe-webdriverjs": {
      "version": "0.4.0"
    },
    "backbone": {
      "version": "1.2.1"
    },
    "balanced-match": {
      "version": "0.4.2"
    },
    "Base64": {
      "version": "0.3.0"
    },
    "base64-js": {
      "version": "1.2.0"
    },
    "basic-auth": {
      "version": "1.0.4"
    },
    "batch": {
      "version": "0.5.3"
    },
    "bcrypt-pbkdf": {
      "version": "1.0.0"
    },
    "big.js": {
      "version": "3.1.3"
    },
    "bin-version": {
      "version": "1.0.4"
    },
    "bin-version-check": {
      "version": "2.1.0",
      "dependencies": {
        "minimist": {
          "version": "1.2.0"
        },
        "semver": {
          "version": "4.3.6"
        }
      }
    },
    "binary-extensions": {
      "version": "1.7.0"
    },
    "bl": {
      "version": "1.0.3"
    },
    "bluebird": {
      "version": "2.11.0"
    },
    "boom": {
      "version": "2.10.1"
    },
    "brace-expansion": {
      "version": "1.1.6"
    },
    "braces": {
      "version": "1.8.5"
    },
    "browserify-zlib": {
      "version": "0.1.4"
    },
    "buffer": {
      "version": "4.9.1"
    },
    "builtin-modules": {
      "version": "1.1.1"
    },
    "camelcase": {
      "version": "3.0.0"
    },
    "camelcase-keys": {
      "version": "2.1.0",
      "dependencies": {
        "camelcase": {
          "version": "2.1.1"
        }
      }
    },
    "caseless": {
      "version": "0.11.0"
    },
    "center-align": {
      "version": "0.1.3"
    },
    "chalk": {
      "version": "0.5.1",
      "dependencies": {
        "ansi-regex": {
          "version": "0.2.1"
        },
        "strip-ansi": {
          "version": "0.3.0"
        }
      }
    },
    "chokidar": {
      "version": "1.6.0"
    },
    "cli": {
      "version": "1.0.0"
    },
    "cliui": {
      "version": "3.2.0"
    },
    "clone": {
      "version": "1.0.2"
    },
    "code-point-at": {
      "version": "1.0.1"
    },
    "coffee-script": {
      "version": "1.3.3"
    },
    "colors": {
      "version": "1.1.2"
    },
    "combined-stream": {
      "version": "1.0.5"
    },
    "commander": {
      "version": "2.9.0"
    },
    "concat-map": {
      "version": "0.0.1"
    },
    "concat-stream": {
      "version": "1.5.0"
    },
    "connect": {
      "version": "3.5.0"
    },
    "connect-livereload": {
      "version": "0.5.4"
    },
    "console-browserify": {
      "version": "1.1.0"
    },
    "constants-browserify": {
      "version": "0.0.1"
    },
    "core-util-is": {
      "version": "1.0.2"
    },
    "cryptiles": {
      "version": "2.0.5"
    },
    "crypto-browserify": {
      "version": "3.2.8"
    },
    "currently-unhandled": {
      "version": "0.4.1"
    },
    "cycle": {
      "version": "1.0.3"
    },
    "dargs": {
      "version": "2.1.0"
    },
    "dashdash": {
      "version": "1.14.0",
      "dependencies": {
        "assert-plus": {
          "version": "1.0.0"
        }
      }
    },
    "date-now": {
      "version": "0.1.4"
    },
    "dateformat": {
      "version": "1.0.2-1.2.3"
    },
    "debug": {
      "version": "2.2.0"
    },
    "debuglog": {
      "version": "1.0.1"
    },
    "decamelize": {
      "version": "1.2.0"
    },
    "del": {
      "version": "2.2.2"
    },
    "delayed-stream": {
      "version": "1.0.0"
    },
    "depd": {
      "version": "1.1.0"
    },
    "destroy": {
      "version": "1.0.4"
    },
    "dezalgo": {
      "version": "1.0.3"
    },
    "dom-serializer": {
      "version": "0.1.0",
      "dependencies": {
        "domelementtype": {
          "version": "1.1.3"
        },
        "entities": {
          "version": "1.1.1"
        }
      }
    },
    "domain-browser": {
      "version": "1.1.7"
    },
    "domelementtype": {
      "version": "1.3.0"
    },
    "domhandler": {
      "version": "2.3.0"
    },
    "domutils": {
      "version": "1.5.1"
    },
    "ecc-jsbn": {
      "version": "0.1.1"
    },
    "ee-first": {
      "version": "1.1.1"
    },
    "emojis-list": {
      "version": "2.1.0"
    },
    "encodeurl": {
      "version": "1.0.1"
    },
    "enhanced-resolve": {
      "version": "0.9.1",
      "dependencies": {
        "memory-fs": {
          "version": "0.2.0"
        }
      }
    },
    "entities": {
      "version": "1.0.0"
    },
    "errno": {
      "version": "0.1.4"
    },
    "error-ex": {
      "version": "1.3.0"
    },
    "es5-shim": {
      "version": "4.5.9"
    },
    "escape-html": {
      "version": "1.0.3"
    },
    "escape-string-regexp": {
      "version": "1.0.5"
    },
    "esprima": {
      "version": "1.0.4"
    },
    "etag": {
      "version": "1.7.0"
    },
    "ev-emitter": {
      "version": "1.0.3"
    },
    "eventemitter2": {
      "version": "0.4.14"
    },
    "events": {
      "version": "1.1.1"
    },
    "exit": {
      "version": "0.1.2"
    },
    "expand-brackets": {
      "version": "0.1.5"
    },
    "expand-range": {
      "version": "1.8.2"
    },
    "extend": {
      "version": "3.0.0"
    },
    "extglob": {
      "version": "0.3.2"
    },
    "extract-zip": {
      "version": "1.5.0",
      "dependencies": {
        "debug": {
          "version": "0.7.4"
        }
      }
    },
    "extsprintf": {
      "version": "1.0.2"
    },
    "eyes": {
      "version": "0.1.8"
    },
    "fd-slicer": {
      "version": "1.0.1"
    },
    "file-sync-cmp": {
      "version": "0.1.1"
    },
    "filename-regex": {
      "version": "2.0.0"
    },
    "fill-range": {
      "version": "2.2.3"
    },
    "finalhandler": {
      "version": "0.5.0"
    },
    "find-up": {
      "version": "1.1.2"
    },
    "find-versions": {
      "version": "1.2.1"
    },
    "findup-sync": {
      "version": "0.1.3",
      "dependencies": {
        "glob": {
          "version": "3.2.11"
        },
        "lodash": {
          "version": "2.4.2"
        },
        "minimatch": {
          "version": "0.3.0"
        }
      }
    },
    "for-in": {
      "version": "0.1.6"
    },
    "for-own": {
      "version": "0.1.4"
    },
    "forever-agent": {
      "version": "0.6.1"
    },
    "form-data": {
      "version": "1.0.1",
      "dependencies": {
        "async": {
          "version": "2.0.1"
        }
      }
    },
    "fresh": {
      "version": "0.3.0"
    },
    "fs-extra": {
      "version": "0.26.7"
    },
    "fs.realpath": {
      "version": "1.0.0"
    },
    "generate-function": {
      "version": "2.0.0"
    },
    "generate-object-property": {
      "version": "1.2.0"
    },
    "get-caller-file": {
      "version": "1.0.2"
    },
    "get-stdin": {
      "version": "4.0.1"
    },
    "getobject": {
      "version": "0.1.0"
    },
    "getpass": {
      "version": "0.1.6",
      "dependencies": {
        "assert-plus": {
          "version": "1.0.0"
        }
      }
    },
    "git-rev-sync": {
      "version": "1.4.0",
      "dependencies": {
        "graceful-fs": {
          "version": "4.1.2"
        }
      }
    },
    "glob": {
      "version": "7.1.0"
    },
    "glob-base": {
      "version": "0.3.0"
    },
    "glob-parent": {
      "version": "2.0.0"
    },
    "globby": {
      "version": "5.0.0"
    },
    "graceful-fs": {
      "version": "4.1.3"
    },
    "graceful-readlink": {
      "version": "1.0.1"
    },
    "grunt": {
      "version": "0.4.5",
      "dependencies": {
        "async": {
          "version": "0.1.22"
        },
        "colors": {
          "version": "0.6.2"
        },
        "glob": {
          "version": "3.1.21"
        },
        "graceful-fs": {
          "version": "1.2.3"
        },
        "inherits": {
          "version": "1.0.2"
        },
        "lodash": {
          "version": "0.9.2"
        },
        "minimatch": {
          "version": "0.2.14"
        },
        "rimraf": {
          "version": "2.2.8"
        }
      }
    },
    "grunt-cli": {
      "version": "0.1.13"
    },
    "grunt-contrib-compass": {
      "version": "1.0.3",
      "dependencies": {
        "async": {
          "version": "0.9.2"
        }
      }
    },
    "grunt-contrib-connect": {
      "version": "0.11.2",
      "dependencies": {
        "async": {
          "version": "0.9.2"
        }
      }
    },
    "grunt-contrib-copy": {
      "version": "0.8.0"
    },
    "grunt-contrib-jasmine": {
      "version": "0.9.2",
      "dependencies": {
        "ansi-styles": {
          "version": "2.2.1"
        },
        "chalk": {
          "version": "1.1.3"
        },
        "has-ansi": {
          "version": "2.0.0"
        },
        "lodash": {
          "version": "2.4.2"
        },
        "supports-color": {
          "version": "2.0.0"
        }
      }
    },
    "grunt-contrib-jshint": {
      "version": "0.11.2"
    },
    "grunt-contrib-requirejs": {
      "version": "0.4.4"
    },
    "grunt-exec": {
      "version": "0.4.6"
    },
    "grunt-json-generator": {
      "version": "0.1.0"
    },
    "grunt-legacy-log": {
      "version": "0.1.3",
      "dependencies": {
        "colors": {
          "version": "0.6.2"
        },
        "lodash": {
          "version": "2.4.2"
        },
        "underscore.string": {
          "version": "2.3.3"
        }
      }
    },
    "grunt-legacy-log-utils": {
      "version": "0.1.1",
      "dependencies": {
        "colors": {
          "version": "0.6.2"
        },
        "lodash": {
          "version": "2.4.2"
        },
        "underscore.string": {
          "version": "2.3.3"
        }
      }
    },
    "grunt-legacy-util": {
      "version": "0.2.0",
      "dependencies": {
        "async": {
          "version": "0.1.22"
        },
        "lodash": {
          "version": "0.9.2"
        }
      }
    },
    "grunt-lib-phantomjs": {
      "version": "0.7.1",
      "dependencies": {
        "semver": {
          "version": "4.3.6"
        }
      }
    },
    "grunt-retire": {
      "version": "0.3.12",
      "dependencies": {
        "async": {
          "version": "1.5.2"
        }
      }
    },
    "grunt-template-jasmine-requirejs": {
      "version": "0.2.3"
    },
    "handlebars": {
      "version": "4.0.5",
      "dependencies": {
        "async": {
          "version": "1.5.2"
        }
      }
    },
    "har-validator": {
      "version": "2.0.6",
      "dependencies": {
        "ansi-styles": {
          "version": "2.2.1"
        },
        "chalk": {
          "version": "1.1.3"
        },
        "has-ansi": {
          "version": "2.0.0"
        },
        "supports-color": {
          "version": "2.0.0"
        }
      }
    },
    "has-ansi": {
      "version": "0.1.0",
      "dependencies": {
        "ansi-regex": {
          "version": "0.2.1"
        }
      }
    },
    "has-flag": {
      "version": "1.0.0"
    },
    "hasha": {
      "version": "2.2.0"
    },
    "hawk": {
      "version": "3.1.3"
    },
    "hoek": {
      "version": "2.16.3"
    },
    "hooker": {
      "version": "0.2.3"
    },
    "hosted-git-info": {
      "version": "2.1.5"
    },
    "htmlparser2": {
      "version": "3.8.3",
      "dependencies": {
        "isarray": {
          "version": "0.0.1"
        },
        "readable-stream": {
          "version": "1.1.14"
        }
      }
    },
    "http-browserify": {
      "version": "1.7.0",
      "dependencies": {
        "Base64": {
          "version": "0.2.1"
        }
      }
    },
    "http-errors": {
      "version": "1.5.0",
      "dependencies": {
        "inherits": {
          "version": "2.0.1"
        }
      }
    },
    "http-signature": {
      "version": "1.1.1"
    },
    "https-browserify": {
      "version": "0.0.0"
    },
    "https-proxy-agent": {
      "version": "1.0.0"
    },
    "iconv-lite": {
      "version": "0.2.11"
    },
    "ieee754": {
      "version": "1.1.8"
    },
    "imagesloaded": {
      "version": "4.1.1"
    },
    "imports-loader": {
      "version": "0.6.5",
      "dependencies": {
        "source-map": {
          "version": "0.1.43"
        }
      }
    },
    "indent-string": {
      "version": "2.1.0"
    },
    "indexof": {
      "version": "0.0.1"
    },
    "inflight": {
      "version": "1.0.5"
    },
    "inherits": {
      "version": "2.0.3"
    },
    "ini": {
      "version": "1.3.4"
    },
    "interpret": {
      "version": "0.6.6"
    },
    "invert-kv": {
      "version": "1.0.0"
    },
    "is-arrayish": {
      "version": "0.2.1"
    },
    "is-binary-path": {
      "version": "1.0.1"
    },
    "is-buffer": {
      "version": "1.1.4"
    },
    "is-builtin-module": {
      "version": "1.0.0"
    },
    "is-dotfile": {
      "version": "1.0.2"
    },
    "is-equal-shallow": {
      "version": "0.1.3"
    },
    "is-extendable": {
      "version": "0.1.1"
    },
    "is-extglob": {
      "version": "1.0.0"
    },
    "is-finite": {
      "version": "1.0.2"
    },
    "is-fullwidth-code-point": {
      "version": "1.0.0"
    },
    "is-glob": {
      "version": "2.0.1"
    },
    "is-my-json-valid": {
      "version": "2.15.0"
    },
    "is-number": {
      "version": "2.1.0"
    },
    "is-path-cwd": {
      "version": "1.0.0"
    },
    "is-path-in-cwd": {
      "version": "1.0.0"
    },
    "is-path-inside": {
      "version": "1.0.0"
    },
    "is-plain-obj": {
      "version": "1.1.0"
    },
    "is-posix-bracket": {
      "version": "0.1.1"
    },
    "is-primitive": {
      "version": "2.0.0"
    },
    "is-property": {
      "version": "1.0.2"
    },
    "is-stream": {
      "version": "1.1.0"
    },
    "is-typedarray": {
      "version": "1.0.0"
    },
    "is-utf8": {
      "version": "0.2.1"
    },
    "isarray": {
      "version": "1.0.0"
    },
    "isexe": {
      "version": "1.1.2"
    },
    "isobject": {
      "version": "2.1.0"
    },
    "isstream": {
      "version": "0.1.2"
    },
    "jasmine": {
      "version": "2.4.1",
      "dependencies": {
        "glob": {
          "version": "3.2.11"
        },
        "jasmine-core": {
          "version": "2.4.1"
        },
        "minimatch": {
          "version": "0.3.0"
        }
      }
    },
    "jasmine-core": {
      "version": "2.5.2"
    },
    "jasminewd2": {
      "version": "0.0.9"
    },
    "jju": {
      "version": "1.3.0"
    },
    "jodid25519": {
      "version": "1.0.2"
    },
    "jquery": {
      "version": "1.12.1"
    },
    "jquery-placeholder": {
      "version": "2.0.7"
    },
    "jquery.cookie": {
      "version": "1.4.1"
    },
    "js-yaml": {
      "version": "2.0.5"
    },
    "jsbn": {
      "version": "0.1.0"
    },
    "jshint": {
      "version": "2.9.3",
      "dependencies": {
        "lodash": {
          "version": "3.7.0"
        },
        "shelljs": {
          "version": "0.3.0"
        }
      }
    },
    "json-loader": {
      "version": "0.5.4"
    },
    "json-parse-helpfulerror": {
      "version": "1.0.3"
    },
    "json-schema": {
      "version": "0.2.3"
    },
    "json-stringify-safe": {
      "version": "5.0.1"
    },
    "json5": {
      "version": "0.5.0"
    },
    "jsonfile": {
      "version": "2.2.3"
    },
    "jsonpointer": {
      "version": "4.0.0"
    },
    "jsprim": {
      "version": "1.3.1"
    },
    "kew": {
      "version": "0.7.0"
    },
    "kind-of": {
      "version": "3.0.4"
    },
    "klaw": {
      "version": "1.3.0"
    },
    "lazy-cache": {
      "version": "1.0.4"
    },
    "lcid": {
      "version": "1.0.0"
    },
    "load-json-file": {
      "version": "1.1.0"
    },
    "loader-utils": {
      "version": "0.2.16"
    },
    "lodash": {
      "version": "4.10.0"
    },
    "lodash.assign": {
      "version": "4.2.0"
    },
    "longest": {
      "version": "1.0.1"
    },
    "loud-rejection": {
      "version": "1.6.0"
    },
    "lru-cache": {
      "version": "2.7.3"
    },
    "map-obj": {
      "version": "1.0.1"
    },
    "memory-fs": {
      "version": "0.3.0"
    },
    "meow": {
      "version": "3.7.0",
      "dependencies": {
        "minimist": {
          "version": "1.2.0"
        }
      }
    },
    "micromatch": {
      "version": "2.3.11"
    },
    "mime": {
      "version": "1.3.4"
    },
    "mime-db": {
      "version": "1.24.0"
    },
    "mime-types": {
      "version": "2.1.12"
    },
    "minimatch": {
      "version": "3.0.3"
    },
    "minimist": {
      "version": "0.0.10"
    },
    "mkdirp": {
      "version": "0.5.0",
      "dependencies": {
        "minimist": {
          "version": "0.0.8"
        }
      }
    },
    "moment": {
      "version": "2.12.0"
    },
    "morgan": {
      "version": "1.7.0"
    },
    "ms": {
      "version": "0.7.1"
    },
    "nan": {
      "version": "2.4.0"
    },
    "negotiator": {
      "version": "0.6.1"
    },
    "node-libs-browser": {
      "version": "0.6.0",
      "dependencies": {
        "isarray": {
          "version": "0.0.1"
        },
        "readable-stream": {
          "version": "1.1.14"
        }
      }
    },
    "node-uuid": {
      "version": "1.4.7"
    },
    "nopt": {
      "version": "1.0.10"
    },
    "normalize-package-data": {
      "version": "2.3.5"
    },
    "normalize-path": {
      "version": "2.0.1"
    },
    "normalize-url": {
      "version": "1.4.1"
    },
    "null-loader": {
      "version": "0.1.1"
    },
    "number-is-nan": {
      "version": "1.0.1"
    },
    "oauth-sign": {
      "version": "0.8.2"
    },
    "object-assign": {
      "version": "4.1.0"
    },
    "object.omit": {
      "version": "2.0.0"
    },
    "on-finished": {
      "version": "2.3.0"
    },
    "on-headers": {
      "version": "1.0.1"
    },
    "once": {
      "version": "1.4.0"
    },
    "onetime": {
      "version": "1.1.0"
    },
    "open": {
      "version": "0.0.5"
    },
    "opn": {
      "version": "1.0.2"
    },
    "optimist": {
      "version": "0.6.1"
    },
    "options": {
      "version": "0.0.6"
    },
    "os-browserify": {
      "version": "0.1.2"
    },
    "os-locale": {
      "version": "1.4.0"
    },
    "package": {
      "version": "1.0.1"
    },
    "pako": {
      "version": "0.2.9"
    },
    "parse-glob": {
      "version": "3.0.4"
    },
    "parse-json": {
      "version": "2.2.0"
    },
    "parseurl": {
      "version": "1.3.1"
    },
    "path-browserify": {
      "version": "0.0.0"
    },
    "path-exists": {
      "version": "2.1.0"
    },
    "path-is-absolute": {
      "version": "1.0.1"
    },
    "path-is-inside": {
      "version": "1.0.2"
    },
    "path-type": {
      "version": "1.1.0"
    },
    "pbkdf2-compat": {
      "version": "2.0.1"
    },
    "pend": {
      "version": "1.2.0"
    },
    "phantomjs": {
      "version": "1.9.20",
      "dependencies": {
        "which": {
          "version": "1.2.11"
        }
      }
    },
    "pify": {
      "version": "2.3.0"
    },
    "pinkie": {
      "version": "2.0.4"
    },
    "pinkie-promise": {
      "version": "2.0.1"
    },
    "pkginfo": {
      "version": "0.3.1"
    },
    "portscanner": {
      "version": "1.0.0",
      "dependencies": {
        "async": {
          "version": "0.1.15"
        }
      }
    },
    "prepend-http": {
      "version": "1.0.4"
    },
    "preserve": {
      "version": "0.2.0"
    },
    "process": {
      "version": "0.11.9"
    },
    "process-nextick-args": {
      "version": "1.0.7"
    },
    "progress": {
      "version": "1.1.8"
    },
    "protractor": {
      "version": "4.0.4",
      "dependencies": {
        "ansi-styles": {
          "version": "2.2.1"
        },
        "chalk": {
          "version": "1.1.3"
        },
        "has-ansi": {
          "version": "2.0.0"
        },
        "supports-color": {
          "version": "2.0.0"
        }
      }
    },
    "prr": {
      "version": "0.0.0"
    },
    "punycode": {
      "version": "1.4.1"
    },
    "q": {
      "version": "1.4.1"
    },
    "qs": {
      "version": "5.2.1"
    },
    "qtip2": {
      "version": "3.0.3"
    },
    "query-string": {
      "version": "3.0.3"
    },
    "querystring": {
      "version": "0.2.0"
    },
    "querystring-es3": {
      "version": "0.2.1"
    },
    "randomatic": {
      "version": "1.1.5"
    },
    "range-parser": {
      "version": "1.2.0"
    },
    "read-installed": {
      "version": "4.0.3"
    },
    "read-package-json": {
      "version": "2.0.4",
      "dependencies": {
        "glob": {
          "version": "6.0.4"
        }
      }
    },
    "read-pkg": {
      "version": "1.1.0"
    },
    "read-pkg-up": {
      "version": "1.0.1"
    },
    "readable-stream": {
      "version": "2.0.6"
    },
    "readdir-scoped-modules": {
      "version": "1.0.2"
    },
    "readdirp": {
      "version": "2.1.0"
    },
    "redent": {
      "version": "1.0.0"
    },
    "regex-cache": {
      "version": "0.4.3"
    },
    "repeat-element": {
      "version": "1.1.2"
    },
    "repeat-string": {
      "version": "1.5.4"
    },
    "repeating": {
      "version": "2.0.1"
    },
    "request": {
      "version": "2.67.0"
    },
    "request-progress": {
      "version": "2.0.1"
    },
    "request-promise": {
      "version": "2.0.0",
      "dependencies": {
        "lodash": {
          "version": "3.10.1"
        }
      }
    },
    "require-directory": {
      "version": "2.1.1"
    },
    "require-main-filename": {
      "version": "1.0.1"
    },
    "requirejs": {
      "version": "2.1.22"
    },
    "reqwest": {
      "version": "2.0.5"
    },
    "resolve": {
      "version": "0.3.1"
    },
    "retire": {
      "version": "1.1.6",
      "dependencies": {
        "commander": {
          "version": "2.5.1"
        }
      }
    },
    "right-align": {
      "version": "0.1.3"
    },
    "rimraf": {
      "version": "2.5.4"
    },
    "ripemd160": {
      "version": "0.2.0"
    },
    "saucelabs": {
      "version": "1.3.0"
    },
    "sax": {
      "version": "0.6.1"
    },
    "selenium-webdriver": {
      "version": "2.53.3",
      "dependencies": {
        "adm-zip": {
          "version": "0.4.4"
        }
      }
    },
    "semver": {
      "version": "5.1.0"
    },
    "semver-regex": {
      "version": "1.0.0"
    },
    "semver-truncate": {
      "version": "1.1.2",
      "dependencies": {
        "semver": {
          "version": "5.3.0"
        }
      }
    },
    "send": {
      "version": "0.14.1"
    },
    "serve-index": {
      "version": "1.8.0"
    },
    "serve-static": {
      "version": "1.11.1"
    },
    "set-blocking": {
      "version": "2.0.0"
    },
    "set-immediate-shim": {
      "version": "1.0.1"
    },
    "setprototypeof": {
      "version": "1.0.1"
    },
    "sha.js": {
      "version": "2.2.6"
    },
    "shelljs": {
      "version": "0.5.1"
    },
    "sigmund": {
      "version": "1.0.1"
    },
    "signal-exit": {
      "version": "3.0.1"
    },
    "slide": {
      "version": "1.1.6"
    },
    "sntp": {
      "version": "1.0.9"
    },
    "sort-keys": {
      "version": "1.1.2"
    },
    "source-list-map": {
      "version": "0.1.6"
    },
    "source-map": {
      "version": "0.4.4"
    },
    "source-map-support": {
      "version": "0.4.3",
      "dependencies": {
        "source-map": {
          "version": "0.5.6"
        }
      }
    },
    "spdx-correct": {
      "version": "1.0.2"
    },
    "spdx-expression-parse": {
      "version": "1.0.4"
    },
    "spdx-license-ids": {
      "version": "1.2.2"
    },
    "sshpk": {
      "version": "1.10.1",
      "dependencies": {
        "assert-plus": {
          "version": "1.0.0"
        }
      }
    },
    "stack-trace": {
      "version": "0.0.9"
    },
    "statuses": {
      "version": "1.3.0"
    },
    "stream-browserify": {
      "version": "1.0.0",
      "dependencies": {
        "isarray": {
          "version": "0.0.1"
        },
        "readable-stream": {
          "version": "1.1.14"
        }
      }
    },
    "strict-uri-encode": {
      "version": "1.1.0"
    },
    "string_decoder": {
      "version": "0.10.31"
    },
    "string-width": {
      "version": "1.0.2"
    },
    "stringstream": {
      "version": "0.0.5"
    },
    "strip-ansi": {
      "version": "3.0.1"
    },
    "strip-bom": {
      "version": "2.0.0"
    },
    "strip-indent": {
      "version": "1.0.1"
    },
    "strip-json-comments": {
      "version": "1.0.4"
    },
    "supports-color": {
      "version": "0.2.0"
    },
    "tapable": {
      "version": "0.1.10"
    },
    "temporary": {
      "version": "0.0.8"
    },
    "throttleit": {
      "version": "1.0.0"
    },
    "timers-browserify": {
      "version": "1.4.2"
    },
    "tiny-emitter": {
      "version": "1.1.0"
    },
    "tmp": {
      "version": "0.0.24"
    },
    "tough-cookie": {
      "version": "2.2.2"
    },
    "trim-newlines": {
      "version": "1.0.0"
    },
    "tty-browserify": {
      "version": "0.0.0"
    },
    "tunnel-agent": {
      "version": "0.4.3"
    },
    "tweetnacl": {
      "version": "0.14.3"
    },
    "typedarray": {
      "version": "0.0.6"
    },
    "u2f-api-polyfill": {
      "version": "0.4.1"
    },
    "uglify-js": {
      "version": "2.7.3",
      "dependencies": {
        "async": {
          "version": "0.2.10"
        },
        "camelcase": {
          "version": "1.2.1"
        },
        "cliui": {
          "version": "2.1.0"
        },
        "source-map": {
          "version": "0.5.6"
        },
        "window-size": {
          "version": "0.1.0"
        },
        "wordwrap": {
          "version": "0.0.2"
        },
        "yargs": {
          "version": "3.10.0"
        }
      }
    },
    "uglify-to-browserify": {
      "version": "1.0.2"
    },
    "ultron": {
      "version": "1.0.2"
    },
    "underscore": {
      "version": "1.8.3"
    },
    "underscore.string": {
      "version": "2.2.1"
    },
    "unpipe": {
      "version": "1.0.0"
    },
    "url": {
      "version": "0.10.3",
      "dependencies": {
        "punycode": {
          "version": "1.3.2"
        }
      }
    },
    "util": {
      "version": "0.10.3",
      "dependencies": {
        "inherits": {
          "version": "2.0.1"
        }
      }
    },
    "util-deprecate": {
      "version": "1.0.2"
    },
    "util-extend": {
      "version": "1.0.3"
    },
    "utils-merge": {
      "version": "1.0.0"
    },
    "validate-npm-package-license": {
      "version": "3.0.1"
    },
    "verror": {
      "version": "1.3.6"
    },
    "vm-browserify": {
      "version": "0.0.4"
    },
    "walkdir": {
      "version": "0.0.7"
    },
    "watchpack": {
      "version": "0.2.9",
      "dependencies": {
        "async": {
          "version": "0.9.2"
        }
      }
    },
    "webdriver-manager": {
      "version": "10.2.5",
      "dependencies": {
        "ansi-styles": {
          "version": "2.2.1"
        },
        "bl": {
          "version": "1.1.2"
        },
        "chalk": {
          "version": "1.1.3"
        },
        "form-data": {
          "version": "2.0.0"
        },
        "has-ansi": {
          "version": "2.0.0"
        },
        "minimist": {
          "version": "1.2.0"
        },
        "qs": {
          "version": "6.2.1"
        },
        "request": {
          "version": "2.75.0"
        },
        "supports-color": {
          "version": "2.0.0"
        },
        "tough-cookie": {
          "version": "2.3.1"
        }
      }
    },
    "webpack": {
      "version": "1.13.1",
      "dependencies": {
        "async": {
          "version": "1.5.2"
        },
        "camelcase": {
          "version": "1.2.1"
        },
        "cliui": {
          "version": "2.1.0"
        },
        "source-map": {
          "version": "0.5.6"
        },
        "supports-color": {
          "version": "3.1.2"
        },
        "uglify-js": {
          "version": "2.6.4",
          "dependencies": {
            "async": {
              "version": "0.2.10"
            }
          }
        },
        "window-size": {
          "version": "0.1.0"
        },
        "wordwrap": {
          "version": "0.0.2"
        },
        "yargs": {
          "version": "3.10.0"
        }
      }
    },
    "webpack-core": {
      "version": "0.6.8"
    },
    "which": {
      "version": "1.0.9"
    },
    "which-module": {
      "version": "1.0.0"
    },
    "window-size": {
      "version": "0.2.0"
    },
    "winston": {
      "version": "2.2.0",
      "dependencies": {
        "colors": {
          "version": "1.0.3"
        }
      }
    },
    "wordwrap": {
      "version": "0.0.3"
    },
    "wrap-ansi": {
      "version": "2.0.0"
    },
    "wrappy": {
      "version": "1.0.2"
    },
    "ws": {
      "version": "1.1.1"
    },
    "xhr2": {
      "version": "0.1.3"
    },
    "xml2js": {
      "version": "0.4.4"
    },
    "xmlbuilder": {
      "version": "8.2.2"
    },
    "xtend": {
      "version": "4.0.1"
    },
    "y18n": {
      "version": "3.2.1"
    },
    "yargs": {
      "version": "4.8.1"
    },
    "yargs-parser": {
      "version": "2.4.1"
    },
    "yauzl": {
      "version": "2.4.1"
    }
  }
}
