# THIS IS AN AUTOGENERATED FILE. DO NOT EDIT THIS FILE DIRECTLY.
# yarn lockfile v1


"@okta/okta-idx-js@0.2.1-beta.g3565b17":
  version "0.2.1-beta.g3565b17"
  resolved "https://artifacts.aue1d.saasure.com:443/artifactory/api/npm/npm-okta/@okta/okta-idx-js/-/@okta/okta-idx-js-0.2.1-beta.g3565b17.tgz#31f43794eafd1fe810a7f221338f332cd8f365ba"
  integrity sha1-MfQ3lOr9H+gQp/IhM48zLNjzZbo=
